// !$*UTF8*$!
{
	archiveVersion = 1;
	classes = {
	};
	objectVersion = 56;
	objects = {

/* Begin PBXBuildFile section */
		0A8337A87FAE851756C4FBAF /* Pods_WiDTests.framework in Frameworks */ = {isa = PBXBuildFile; fileRef = A3BC5EED3432FAAE53328A4A /* Pods_WiDTests.framework */; };
		825352480F23FD8CF303DA47 /* Pods_WiD_WiDUITests.framework in Frameworks */ = {isa = PBXBuildFile; fileRef = B219E33604AFB7E2FD00DB3F /* Pods_WiD_WiDUITests.framework */; };
		B96DB5DE9C4ABD38BC494656 /* Pods_WiD.framework in Frameworks */ = {isa = PBXBuildFile; fileRef = 4ADAF41497613B67796E0E8C /* Pods_WiD.framework */; };
		EA0458212A625B840065B98E /* PieChartView.swift in Sources */ = {isa = PBXBuildFile; fileRef = EA0458202A625B840065B98E /* PieChartView.swift */; };
		EA0458232A625C0C0065B98E /* WiD.swift in Sources */ = {isa = PBXBuildFile; fileRef = EA0458222A625C0C0065B98E /* WiD.swift */; };
		EA05E95C2B1CA6B800A0DF42 /* DiaryDetailView.swift in Sources */ = {isa = PBXBuildFile; fileRef = EA05E95B2B1CA6B800A0DF42 /* DiaryDetailView.swift */; };
		EA0C270A2B19AA7D00AB2FBD /* DateUtil.swift in Sources */ = {isa = PBXBuildFile; fileRef = EA0C27092B19AA7D00AB2FBD /* DateUtil.swift */; };
		EA0C270C2B19AAB200AB2FBD /* DurationUtil.swift in Sources */ = {isa = PBXBuildFile; fileRef = EA0C270B2B19AAB200AB2FBD /* DurationUtil.swift */; };
		EA181F372A624F1F006EAF72 /* TimeUtil.swift in Sources */ = {isa = PBXBuildFile; fileRef = EA181F362A624F1F006EAF72 /* TimeUtil.swift */; };
		EA18DCB62AE8CC5B00B88F30 /* BarChartView.swift in Sources */ = {isa = PBXBuildFile; fileRef = EA18DCB52AE8CC5B00B88F30 /* BarChartView.swift */; };
		EA1A39C12B500B4C00C0D5AC /* StopwatchViewModel.swift in Sources */ = {isa = PBXBuildFile; fileRef = EA1A39C02B500B4C00C0D5AC /* StopwatchViewModel.swift */; };
		EA1AF4AA2AB54EBD00BEBA93 /* AppOpenAdUtil.swift in Sources */ = {isa = PBXBuildFile; fileRef = EA1AF4A92AB54EBD00BEBA93 /* AppOpenAdUtil.swift */; };
		EA1AF4AC2AB55C5500BEBA93 /* SplashView.swift in Sources */ = {isa = PBXBuildFile; fileRef = EA1AF4AB2AB55C5500BEBA93 /* SplashView.swift */; };
		EA1B5BE02B22AF5800E1BC87 /* ViewUtil.swift in Sources */ = {isa = PBXBuildFile; fileRef = EA1B5BDF2B22AF5800E1BC87 /* ViewUtil.swift */; };
		EA1BF4E02B04703D004DEBC4 /* WiDListUtil.swift in Sources */ = {isa = PBXBuildFile; fileRef = EA1BF4DF2B04703D004DEBC4 /* WiDListUtil.swift */; };
		EA1F446D2B72048D0028B9EC /* PomodoroView.swift in Sources */ = {isa = PBXBuildFile; fileRef = EA1F446C2B72048D0028B9EC /* PomodoroView.swift */; };
		EA215CDE2A60F9AF005C5D30 /* SearchDiaryView.swift in Sources */ = {isa = PBXBuildFile; fileRef = EA215CDD2A60F9AF005C5D30 /* SearchDiaryView.swift */; };
		EA35F2DD2B71CA430033253D /* WiDListView.swift in Sources */ = {isa = PBXBuildFile; fileRef = EA35F2DC2B71CA430033253D /* WiDListView.swift */; };
		EA35F2DF2B71CE050033253D /* WiDDisplayView.swift in Sources */ = {isa = PBXBuildFile; fileRef = EA35F2DE2B71CE050033253D /* WiDDisplayView.swift */; };
		EA3BC0642B1AB9F1009467CA /* DiaryService.swift in Sources */ = {isa = PBXBuildFile; fileRef = EA3BC0632B1AB9F1009467CA /* DiaryService.swift */; };
		EA40A95D2B7B436600DA9827 /* SettingView.swift in Sources */ = {isa = PBXBuildFile; fileRef = EA40A95C2B7B436600DA9827 /* SettingView.swift */; };
		EA43E2742B72077B00C9D8E9 /* TitleWiDView.swift in Sources */ = {isa = PBXBuildFile; fileRef = EA43E2732B72077B00C9D8E9 /* TitleWiDView.swift */; };
		EA43E2762B7207A700C9D8E9 /* DiaryDisplayView.swift in Sources */ = {isa = PBXBuildFile; fileRef = EA43E2752B7207A700C9D8E9 /* DiaryDisplayView.swift */; };
		EA43E2782B7207CA00C9D8E9 /* DayDiaryView.swift in Sources */ = {isa = PBXBuildFile; fileRef = EA43E2772B7207CA00C9D8E9 /* DayDiaryView.swift */; };
		EA43E27A2B72081800C9D8E9 /* RandomDiaryView.swift in Sources */ = {isa = PBXBuildFile; fileRef = EA43E2792B72081800C9D8E9 /* RandomDiaryView.swift */; };
		EA4EACF42B1EAA2900BB4681 /* LineGraphView.swift in Sources */ = {isa = PBXBuildFile; fileRef = EA4EACF32B1EAA2900BB4681 /* LineGraphView.swift */; };
		EA60B8062A56991700B49641 /* WiDApp.swift in Sources */ = {isa = PBXBuildFile; fileRef = EA60B8052A56991700B49641 /* WiDApp.swift */; };
		EA60B8082A56991700B49641 /* ContentView.swift in Sources */ = {isa = PBXBuildFile; fileRef = EA60B8072A56991700B49641 /* ContentView.swift */; };
		EA60B80A2A56991800B49641 /* Assets.xcassets in Resources */ = {isa = PBXBuildFile; fileRef = EA60B8092A56991800B49641 /* Assets.xcassets */; };
		EA60B80D2A56991800B49641 /* Preview Assets.xcassets in Resources */ = {isa = PBXBuildFile; fileRef = EA60B80C2A56991800B49641 /* Preview Assets.xcassets */; };
		EA60B8172A56991800B49641 /* WiDTests.swift in Sources */ = {isa = PBXBuildFile; fileRef = EA60B8162A56991800B49641 /* WiDTests.swift */; };
		EA60B8212A56991800B49641 /* WiDUITests.swift in Sources */ = {isa = PBXBuildFile; fileRef = EA60B8202A56991800B49641 /* WiDUITests.swift */; };
		EA60B8232A56991800B49641 /* WiDUITestsLaunchTests.swift in Sources */ = {isa = PBXBuildFile; fileRef = EA60B8222A56991800B49641 /* WiDUITestsLaunchTests.swift */; };
		EA663F0C2A5E74E200B51844 /* DataUtil.swift in Sources */ = {isa = PBXBuildFile; fileRef = EA663F0B2A5E74E200B51844 /* DataUtil.swift */; };
		EA66D02A2B3D39190064483C /* ChivoMono-Regular.ttf in Resources */ = {isa = PBXBuildFile; fileRef = EA66D0292B3D39190064483C /* ChivoMono-Regular.ttf */; };
		EA70DD742A59089D00B4B167 /* DayWiDView.swift in Sources */ = {isa = PBXBuildFile; fileRef = EA70DD732A59089D00B4B167 /* DayWiDView.swift */; };
		EA7B66B02B7322AB00A159CD /* PieGraphView.swift in Sources */ = {isa = PBXBuildFile; fileRef = EA7B66AF2B7322AB00A159CD /* PieGraphView.swift */; };
		EA7B66B22B73268A00A159CD /* MonthWiDView.swift in Sources */ = {isa = PBXBuildFile; fileRef = EA7B66B12B73268A00A159CD /* MonthWiDView.swift */; };
		EA8CBDDC2B71A84D00798E9D /* WiDToolView.swift in Sources */ = {isa = PBXBuildFile; fileRef = EA8CBDDB2B71A84D00798E9D /* WiDToolView.swift */; };
		EA9D41742AB18B0D008D6DE2 /* TimerView.swift in Sources */ = {isa = PBXBuildFile; fileRef = EA9D41732AB18B0D008D6DE2 /* TimerView.swift */; };
		EAA5E85C2B2FE6A8004DEA29 /* FontUtil.swift in Sources */ = {isa = PBXBuildFile; fileRef = EAA5E85B2B2FE6A8004DEA29 /* FontUtil.swift */; };
		EAA83AA52B3D2864008CE95F /* ChivoMono-BlackItalic.ttf in Resources */ = {isa = PBXBuildFile; fileRef = EAA83AA42B3D2864008CE95F /* ChivoMono-BlackItalic.ttf */; };
		EAB438A62B5109A70029F640 /* TimerViewModel.swift in Sources */ = {isa = PBXBuildFile; fileRef = EAB438A52B5109A70029F640 /* TimerViewModel.swift */; };
		EAC5D7212A56A76E00FA2499 /* StopwatchView.swift in Sources */ = {isa = PBXBuildFile; fileRef = EAC5D7202A56A76E00FA2499 /* StopwatchView.swift */; };
		EAC5E1582B19B35500AD8516 /* WeekWiDView.swift in Sources */ = {isa = PBXBuildFile; fileRef = EAC5E1572B19B35500AD8516 /* WeekWiDView.swift */; };
		EACB45152AB9CA8200DEF739 /* NewWiDView.swift in Sources */ = {isa = PBXBuildFile; fileRef = EACB45142AB9CA8200DEF739 /* NewWiDView.swift */; };
		EAD531ED2B1E862700E3C78B /* WiDDetailView.swift in Sources */ = {isa = PBXBuildFile; fileRef = EAD531EC2B1E862700E3C78B /* WiDDetailView.swift */; };
		EAD98BB02B76501A004A1ECD /* HomeView.swift in Sources */ = {isa = PBXBuildFile; fileRef = EAD98BAF2B76501A004A1ECD /* HomeView.swift */; };
		EADCDC472A6DF98100D8AED2 /* Acme-Regular.ttf in Resources */ = {isa = PBXBuildFile; fileRef = EADCDC462A6DF98100D8AED2 /* Acme-Regular.ttf */; };
		EADF79162A583C8E000753B2 /* WiDService.swift in Sources */ = {isa = PBXBuildFile; fileRef = EADF79152A583C8E000753B2 /* WiDService.swift */; };
		EAE85ED92B88B99D000DA267 /* MainView.swift in Sources */ = {isa = PBXBuildFile; fileRef = EAE85ED82B88B99D000DA267 /* MainView.swift */; };
		EAF1D54C2B1AAAB000E26B2A /* Diary.swift in Sources */ = {isa = PBXBuildFile; fileRef = EAF1D54B2B1AAAB000E26B2A /* Diary.swift */; };
/* End PBXBuildFile section */

/* Begin PBXContainerItemProxy section */
		EA60B8132A56991800B49641 /* PBXContainerItemProxy */ = {
			isa = PBXContainerItemProxy;
			containerPortal = EA60B7FA2A56991700B49641 /* Project object */;
			proxyType = 1;
			remoteGlobalIDString = EA60B8012A56991700B49641;
			remoteInfo = WiD;
		};
		EA60B81D2A56991800B49641 /* PBXContainerItemProxy */ = {
			isa = PBXContainerItemProxy;
			containerPortal = EA60B7FA2A56991700B49641 /* Project object */;
			proxyType = 1;
			remoteGlobalIDString = EA60B8012A56991700B49641;
			remoteInfo = WiD;
		};
/* End PBXContainerItemProxy section */

/* Begin PBXFileReference section */
		4ADAF41497613B67796E0E8C /* Pods_WiD.framework */ = {isa = PBXFileReference; explicitFileType = wrapper.framework; includeInIndex = 0; path = Pods_WiD.framework; sourceTree = BUILT_PRODUCTS_DIR; };
		54385F36B27C3B4BADB8362F /* Pods-WiDTests.debug.xcconfig */ = {isa = PBXFileReference; includeInIndex = 1; lastKnownFileType = text.xcconfig; name = "Pods-WiDTests.debug.xcconfig"; path = "Target Support Files/Pods-WiDTests/Pods-WiDTests.debug.xcconfig"; sourceTree = "<group>"; };
		5C4ACC78C73AA9E14A7EFA98 /* Pods-WiD.release.xcconfig */ = {isa = PBXFileReference; includeInIndex = 1; lastKnownFileType = text.xcconfig; name = "Pods-WiD.release.xcconfig"; path = "Target Support Files/Pods-WiD/Pods-WiD.release.xcconfig"; sourceTree = "<group>"; };
		68740296696AA6A9EAEE9898 /* Pods-WiD-WiDUITests.release.xcconfig */ = {isa = PBXFileReference; includeInIndex = 1; lastKnownFileType = text.xcconfig; name = "Pods-WiD-WiDUITests.release.xcconfig"; path = "Target Support Files/Pods-WiD-WiDUITests/Pods-WiD-WiDUITests.release.xcconfig"; sourceTree = "<group>"; };
		77FFFB579CC8B54277DB566F /* Pods-WiD-WiDUITests.debug.xcconfig */ = {isa = PBXFileReference; includeInIndex = 1; lastKnownFileType = text.xcconfig; name = "Pods-WiD-WiDUITests.debug.xcconfig"; path = "Target Support Files/Pods-WiD-WiDUITests/Pods-WiD-WiDUITests.debug.xcconfig"; sourceTree = "<group>"; };
		A3BC5EED3432FAAE53328A4A /* Pods_WiDTests.framework */ = {isa = PBXFileReference; explicitFileType = wrapper.framework; includeInIndex = 0; path = Pods_WiDTests.framework; sourceTree = BUILT_PRODUCTS_DIR; };
		B219E33604AFB7E2FD00DB3F /* Pods_WiD_WiDUITests.framework */ = {isa = PBXFileReference; explicitFileType = wrapper.framework; includeInIndex = 0; path = Pods_WiD_WiDUITests.framework; sourceTree = BUILT_PRODUCTS_DIR; };
		E420BB22C505E4A14D072EA7 /* Pods-WiDTests.release.xcconfig */ = {isa = PBXFileReference; includeInIndex = 1; lastKnownFileType = text.xcconfig; name = "Pods-WiDTests.release.xcconfig"; path = "Target Support Files/Pods-WiDTests/Pods-WiDTests.release.xcconfig"; sourceTree = "<group>"; };
		E68480A408F016D97A8F7C05 /* Pods-WiD.debug.xcconfig */ = {isa = PBXFileReference; includeInIndex = 1; lastKnownFileType = text.xcconfig; name = "Pods-WiD.debug.xcconfig"; path = "Target Support Files/Pods-WiD/Pods-WiD.debug.xcconfig"; sourceTree = "<group>"; };
		EA0458202A625B840065B98E /* PieChartView.swift */ = {isa = PBXFileReference; lastKnownFileType = sourcecode.swift; path = PieChartView.swift; sourceTree = "<group>"; };
		EA0458222A625C0C0065B98E /* WiD.swift */ = {isa = PBXFileReference; lastKnownFileType = sourcecode.swift; name = WiD.swift; path = WiD/Model/WiD.swift; sourceTree = SOURCE_ROOT; };
		EA05E95B2B1CA6B800A0DF42 /* DiaryDetailView.swift */ = {isa = PBXFileReference; lastKnownFileType = sourcecode.swift; path = DiaryDetailView.swift; sourceTree = "<group>"; };
		EA0C27092B19AA7D00AB2FBD /* DateUtil.swift */ = {isa = PBXFileReference; lastKnownFileType = sourcecode.swift; path = DateUtil.swift; sourceTree = "<group>"; };
		EA0C270B2B19AAB200AB2FBD /* DurationUtil.swift */ = {isa = PBXFileReference; lastKnownFileType = sourcecode.swift; path = DurationUtil.swift; sourceTree = "<group>"; };
		EA181F362A624F1F006EAF72 /* TimeUtil.swift */ = {isa = PBXFileReference; lastKnownFileType = sourcecode.swift; path = TimeUtil.swift; sourceTree = "<group>"; };
		EA18DCB52AE8CC5B00B88F30 /* BarChartView.swift */ = {isa = PBXFileReference; lastKnownFileType = sourcecode.swift; path = BarChartView.swift; sourceTree = "<group>"; };
		EA1A39C02B500B4C00C0D5AC /* StopwatchViewModel.swift */ = {isa = PBXFileReference; lastKnownFileType = sourcecode.swift; path = StopwatchViewModel.swift; sourceTree = "<group>"; };
		EA1AF4A92AB54EBD00BEBA93 /* AppOpenAdUtil.swift */ = {isa = PBXFileReference; lastKnownFileType = sourcecode.swift; path = AppOpenAdUtil.swift; sourceTree = "<group>"; };
		EA1AF4AB2AB55C5500BEBA93 /* SplashView.swift */ = {isa = PBXFileReference; lastKnownFileType = sourcecode.swift; path = SplashView.swift; sourceTree = "<group>"; };
		EA1B5BDF2B22AF5800E1BC87 /* ViewUtil.swift */ = {isa = PBXFileReference; lastKnownFileType = sourcecode.swift; path = ViewUtil.swift; sourceTree = "<group>"; };
		EA1BF4DF2B04703D004DEBC4 /* WiDListUtil.swift */ = {isa = PBXFileReference; lastKnownFileType = sourcecode.swift; path = WiDListUtil.swift; sourceTree = "<group>"; };
		EA1F446C2B72048D0028B9EC /* PomodoroView.swift */ = {isa = PBXFileReference; lastKnownFileType = sourcecode.swift; path = PomodoroView.swift; sourceTree = "<group>"; };
		EA215CDD2A60F9AF005C5D30 /* SearchDiaryView.swift */ = {isa = PBXFileReference; lastKnownFileType = sourcecode.swift; path = SearchDiaryView.swift; sourceTree = "<group>"; };
		EA35F2DC2B71CA430033253D /* WiDListView.swift */ = {isa = PBXFileReference; lastKnownFileType = sourcecode.swift; path = WiDListView.swift; sourceTree = "<group>"; };
		EA35F2DE2B71CE050033253D /* WiDDisplayView.swift */ = {isa = PBXFileReference; lastKnownFileType = sourcecode.swift; path = WiDDisplayView.swift; sourceTree = "<group>"; };
		EA3BC0632B1AB9F1009467CA /* DiaryService.swift */ = {isa = PBXFileReference; lastKnownFileType = sourcecode.swift; path = DiaryService.swift; sourceTree = "<group>"; };
		EA40A95C2B7B436600DA9827 /* SettingView.swift */ = {isa = PBXFileReference; lastKnownFileType = sourcecode.swift; path = SettingView.swift; sourceTree = "<group>"; };
		EA43E2732B72077B00C9D8E9 /* TitleWiDView.swift */ = {isa = PBXFileReference; lastKnownFileType = sourcecode.swift; path = TitleWiDView.swift; sourceTree = "<group>"; };
		EA43E2752B7207A700C9D8E9 /* DiaryDisplayView.swift */ = {isa = PBXFileReference; lastKnownFileType = sourcecode.swift; path = DiaryDisplayView.swift; sourceTree = "<group>"; };
		EA43E2772B7207CA00C9D8E9 /* DayDiaryView.swift */ = {isa = PBXFileReference; lastKnownFileType = sourcecode.swift; path = DayDiaryView.swift; sourceTree = "<group>"; };
		EA43E2792B72081800C9D8E9 /* RandomDiaryView.swift */ = {isa = PBXFileReference; lastKnownFileType = sourcecode.swift; path = RandomDiaryView.swift; sourceTree = "<group>"; };
		EA4EACF32B1EAA2900BB4681 /* LineGraphView.swift */ = {isa = PBXFileReference; lastKnownFileType = sourcecode.swift; path = LineGraphView.swift; sourceTree = "<group>"; };
		EA60B8022A56991700B49641 /* WiD.app */ = {isa = PBXFileReference; explicitFileType = wrapper.application; includeInIndex = 0; path = WiD.app; sourceTree = BUILT_PRODUCTS_DIR; };
		EA60B8052A56991700B49641 /* WiDApp.swift */ = {isa = PBXFileReference; lastKnownFileType = sourcecode.swift; path = WiDApp.swift; sourceTree = "<group>"; };
		EA60B8072A56991700B49641 /* ContentView.swift */ = {isa = PBXFileReference; lastKnownFileType = sourcecode.swift; path = ContentView.swift; sourceTree = "<group>"; };
		EA60B8092A56991800B49641 /* Assets.xcassets */ = {isa = PBXFileReference; lastKnownFileType = folder.assetcatalog; path = Assets.xcassets; sourceTree = "<group>"; };
		EA60B80C2A56991800B49641 /* Preview Assets.xcassets */ = {isa = PBXFileReference; lastKnownFileType = folder.assetcatalog; path = "Preview Assets.xcassets"; sourceTree = "<group>"; };
		EA60B8122A56991800B49641 /* WiDTests.xctest */ = {isa = PBXFileReference; explicitFileType = wrapper.cfbundle; includeInIndex = 0; path = WiDTests.xctest; sourceTree = BUILT_PRODUCTS_DIR; };
		EA60B8162A56991800B49641 /* WiDTests.swift */ = {isa = PBXFileReference; lastKnownFileType = sourcecode.swift; path = WiDTests.swift; sourceTree = "<group>"; };
		EA60B81C2A56991800B49641 /* WiDUITests.xctest */ = {isa = PBXFileReference; explicitFileType = wrapper.cfbundle; includeInIndex = 0; path = WiDUITests.xctest; sourceTree = BUILT_PRODUCTS_DIR; };
		EA60B8202A56991800B49641 /* WiDUITests.swift */ = {isa = PBXFileReference; lastKnownFileType = sourcecode.swift; path = WiDUITests.swift; sourceTree = "<group>"; };
		EA60B8222A56991800B49641 /* WiDUITestsLaunchTests.swift */ = {isa = PBXFileReference; lastKnownFileType = sourcecode.swift; path = WiDUITestsLaunchTests.swift; sourceTree = "<group>"; };
		EA663F0B2A5E74E200B51844 /* DataUtil.swift */ = {isa = PBXFileReference; lastKnownFileType = sourcecode.swift; path = DataUtil.swift; sourceTree = "<group>"; };
		EA66D0292B3D39190064483C /* ChivoMono-Regular.ttf */ = {isa = PBXFileReference; lastKnownFileType = file; path = "ChivoMono-Regular.ttf"; sourceTree = "<group>"; };
		EA70DD732A59089D00B4B167 /* DayWiDView.swift */ = {isa = PBXFileReference; lastKnownFileType = sourcecode.swift; path = DayWiDView.swift; sourceTree = "<group>"; };
		EA7B66AF2B7322AB00A159CD /* PieGraphView.swift */ = {isa = PBXFileReference; lastKnownFileType = sourcecode.swift; path = PieGraphView.swift; sourceTree = "<group>"; };
		EA7B66B12B73268A00A159CD /* MonthWiDView.swift */ = {isa = PBXFileReference; lastKnownFileType = sourcecode.swift; path = MonthWiDView.swift; sourceTree = "<group>"; };
		EA8CBDDB2B71A84D00798E9D /* WiDToolView.swift */ = {isa = PBXFileReference; lastKnownFileType = sourcecode.swift; path = WiDToolView.swift; sourceTree = "<group>"; };
		EA9D41732AB18B0D008D6DE2 /* TimerView.swift */ = {isa = PBXFileReference; lastKnownFileType = sourcecode.swift; path = TimerView.swift; sourceTree = "<group>"; };
		EAA5E85B2B2FE6A8004DEA29 /* FontUtil.swift */ = {isa = PBXFileReference; lastKnownFileType = sourcecode.swift; path = FontUtil.swift; sourceTree = "<group>"; };
		EAA83AA42B3D2864008CE95F /* ChivoMono-BlackItalic.ttf */ = {isa = PBXFileReference; lastKnownFileType = file; path = "ChivoMono-BlackItalic.ttf"; sourceTree = "<group>"; };
		EAB438A52B5109A70029F640 /* TimerViewModel.swift */ = {isa = PBXFileReference; lastKnownFileType = sourcecode.swift; path = TimerViewModel.swift; sourceTree = "<group>"; };
		EAC5D7202A56A76E00FA2499 /* StopwatchView.swift */ = {isa = PBXFileReference; lastKnownFileType = sourcecode.swift; path = StopwatchView.swift; sourceTree = "<group>"; };
		EAC5E1572B19B35500AD8516 /* WeekWiDView.swift */ = {isa = PBXFileReference; lastKnownFileType = sourcecode.swift; path = WeekWiDView.swift; sourceTree = "<group>"; };
		EACB45142AB9CA8200DEF739 /* NewWiDView.swift */ = {isa = PBXFileReference; lastKnownFileType = sourcecode.swift; path = NewWiDView.swift; sourceTree = "<group>"; };
		EAD531EC2B1E862700E3C78B /* WiDDetailView.swift */ = {isa = PBXFileReference; lastKnownFileType = sourcecode.swift; path = WiDDetailView.swift; sourceTree = "<group>"; };
		EAD98BAF2B76501A004A1ECD /* HomeView.swift */ = {isa = PBXFileReference; fileEncoding = 4; lastKnownFileType = sourcecode.swift; path = HomeView.swift; sourceTree = "<group>"; };
		EADCDC462A6DF98100D8AED2 /* Acme-Regular.ttf */ = {isa = PBXFileReference; lastKnownFileType = file; path = "Acme-Regular.ttf"; sourceTree = "<group>"; };
		EADCDC482A6DF9C100D8AED2 /* Info.plist */ = {isa = PBXFileReference; lastKnownFileType = text.plist; path = Info.plist; sourceTree = "<group>"; };
		EADF79152A583C8E000753B2 /* WiDService.swift */ = {isa = PBXFileReference; lastKnownFileType = sourcecode.swift; path = WiDService.swift; sourceTree = "<group>"; };
		EAE85ED82B88B99D000DA267 /* MainView.swift */ = {isa = PBXFileReference; lastKnownFileType = sourcecode.swift; path = MainView.swift; sourceTree = "<group>"; };
		EAF1D54B2B1AAAB000E26B2A /* Diary.swift */ = {isa = PBXFileReference; lastKnownFileType = sourcecode.swift; path = Diary.swift; sourceTree = "<group>"; };
/* End PBXFileReference section */

/* Begin PBXFrameworksBuildPhase section */
		EA60B7FF2A56991700B49641 /* Frameworks */ = {
			isa = PBXFrameworksBuildPhase;
			buildActionMask = 2147483647;
			files = (
				B96DB5DE9C4ABD38BC494656 /* Pods_WiD.framework in Frameworks */,
			);
			runOnlyForDeploymentPostprocessing = 0;
		};
		EA60B80F2A56991800B49641 /* Frameworks */ = {
			isa = PBXFrameworksBuildPhase;
			buildActionMask = 2147483647;
			files = (
				0A8337A87FAE851756C4FBAF /* Pods_WiDTests.framework in Frameworks */,
			);
			runOnlyForDeploymentPostprocessing = 0;
		};
		EA60B8192A56991800B49641 /* Frameworks */ = {
			isa = PBXFrameworksBuildPhase;
			buildActionMask = 2147483647;
			files = (
				825352480F23FD8CF303DA47 /* Pods_WiD_WiDUITests.framework in Frameworks */,
			);
			runOnlyForDeploymentPostprocessing = 0;
		};
/* End PBXFrameworksBuildPhase section */

/* Begin PBXGroup section */
		4C696AEA25DC0254D62E6A08 /* Pods */ = {
			isa = PBXGroup;
			children = (
				E68480A408F016D97A8F7C05 /* Pods-WiD.debug.xcconfig */,
				5C4ACC78C73AA9E14A7EFA98 /* Pods-WiD.release.xcconfig */,
				77FFFB579CC8B54277DB566F /* Pods-WiD-WiDUITests.debug.xcconfig */,
				68740296696AA6A9EAEE9898 /* Pods-WiD-WiDUITests.release.xcconfig */,
				54385F36B27C3B4BADB8362F /* Pods-WiDTests.debug.xcconfig */,
				E420BB22C505E4A14D072EA7 /* Pods-WiDTests.release.xcconfig */,
			);
			path = Pods;
			sourceTree = "<group>";
		};
		96F287D4BF964C875E298266 /* Frameworks */ = {
			isa = PBXGroup;
			children = (
				4ADAF41497613B67796E0E8C /* Pods_WiD.framework */,
				B219E33604AFB7E2FD00DB3F /* Pods_WiD_WiDUITests.framework */,
				A3BC5EED3432FAAE53328A4A /* Pods_WiDTests.framework */,
			);
			name = Frameworks;
			sourceTree = "<group>";
		};
		EA0458242A625CB00065B98E /* Util */ = {
			isa = PBXGroup;
			children = (
				EA663F0B2A5E74E200B51844 /* DataUtil.swift */,
				EA1BF4DF2B04703D004DEBC4 /* WiDListUtil.swift */,
				EA0C27092B19AA7D00AB2FBD /* DateUtil.swift */,
				EA181F362A624F1F006EAF72 /* TimeUtil.swift */,
				EA0C270B2B19AAB200AB2FBD /* DurationUtil.swift */,
				EA1AF4A92AB54EBD00BEBA93 /* AppOpenAdUtil.swift */,
				EA1B5BDF2B22AF5800E1BC87 /* ViewUtil.swift */,
				EAA5E85B2B2FE6A8004DEA29 /* FontUtil.swift */,
			);
			path = Util;
			sourceTree = "<group>";
		};
		EA60B7F92A56991700B49641 = {
			isa = PBXGroup;
			children = (
				EA60B8042A56991700B49641 /* WiD */,
				EA60B8152A56991800B49641 /* WiDTests */,
				EA60B81F2A56991800B49641 /* WiDUITests */,
				EA60B8032A56991700B49641 /* Products */,
				4C696AEA25DC0254D62E6A08 /* Pods */,
				96F287D4BF964C875E298266 /* Frameworks */,
			);
			sourceTree = "<group>";
		};
		EA60B8032A56991700B49641 /* Products */ = {
			isa = PBXGroup;
			children = (
				EA60B8022A56991700B49641 /* WiD.app */,
				EA60B8122A56991800B49641 /* WiDTests.xctest */,
				EA60B81C2A56991800B49641 /* WiDUITests.xctest */,
			);
			name = Products;
			sourceTree = "<group>";
		};
		EA60B8042A56991700B49641 /* WiD */ = {
			isa = PBXGroup;
			children = (
				EADCDC482A6DF9C100D8AED2 /* Info.plist */,
				EAD531EE2B1E865200E3C78B /* Model */,
				EADCDC452A6DF95100D8AED2 /* Font */,
				EA0458242A625CB00065B98E /* Util */,
				EADF79172A583CCE000753B2 /* Service */,
				EAC5D7272A56AAB000FA2499 /* View */,
				EAE51AAF2B9AC69100FCC355 /* ViewModel */,
				EA60B8052A56991700B49641 /* WiDApp.swift */,
				EA60B8092A56991800B49641 /* Assets.xcassets */,
				EA60B80B2A56991800B49641 /* Preview Content */,
			);
			path = WiD;
			sourceTree = "<group>";
		};
		EA60B80B2A56991800B49641 /* Preview Content */ = {
			isa = PBXGroup;
			children = (
				EA60B80C2A56991800B49641 /* Preview Assets.xcassets */,
			);
			path = "Preview Content";
			sourceTree = "<group>";
		};
		EA60B8152A56991800B49641 /* WiDTests */ = {
			isa = PBXGroup;
			children = (
				EA60B8162A56991800B49641 /* WiDTests.swift */,
			);
			path = WiDTests;
			sourceTree = "<group>";
		};
		EA60B81F2A56991800B49641 /* WiDUITests */ = {
			isa = PBXGroup;
			children = (
				EA60B8202A56991800B49641 /* WiDUITests.swift */,
				EA60B8222A56991800B49641 /* WiDUITestsLaunchTests.swift */,
			);
			path = WiDUITests;
			sourceTree = "<group>";
		};
		EAC5D7272A56AAB000FA2499 /* View */ = {
			isa = PBXGroup;
			children = (
				EA1AF4AB2AB55C5500BEBA93 /* SplashView.swift */,
				EA60B8072A56991700B49641 /* ContentView.swift */,
				EAE85ED82B88B99D000DA267 /* MainView.swift */,
				EAD98BAF2B76501A004A1ECD /* HomeView.swift */,
				EA8CBDDB2B71A84D00798E9D /* WiDToolView.swift */,
				EAC5D7202A56A76E00FA2499 /* StopwatchView.swift */,
				EA9D41732AB18B0D008D6DE2 /* TimerView.swift */,
				EA1F446C2B72048D0028B9EC /* PomodoroView.swift */,
				EA35F2DC2B71CA430033253D /* WiDListView.swift */,
				EACB45142AB9CA8200DEF739 /* NewWiDView.swift */,
				EAD531EC2B1E862700E3C78B /* WiDDetailView.swift */,
				EA35F2DE2B71CE050033253D /* WiDDisplayView.swift */,
				EA70DD732A59089D00B4B167 /* DayWiDView.swift */,
				EAC5E1572B19B35500AD8516 /* WeekWiDView.swift */,
				EA7B66B12B73268A00A159CD /* MonthWiDView.swift */,
				EA43E2732B72077B00C9D8E9 /* TitleWiDView.swift */,
				EA43E2752B7207A700C9D8E9 /* DiaryDisplayView.swift */,
				EA43E2772B7207CA00C9D8E9 /* DayDiaryView.swift */,
				EA43E2792B72081800C9D8E9 /* RandomDiaryView.swift */,
				EA215CDD2A60F9AF005C5D30 /* SearchDiaryView.swift */,
				EA05E95B2B1CA6B800A0DF42 /* DiaryDetailView.swift */,
				EA40A95C2B7B436600DA9827 /* SettingView.swift */,
				EA18DCB52AE8CC5B00B88F30 /* BarChartView.swift */,
				EA0458202A625B840065B98E /* PieChartView.swift */,
				EA7B66AF2B7322AB00A159CD /* PieGraphView.swift */,
				EA4EACF32B1EAA2900BB4681 /* LineGraphView.swift */,
			);
			path = View;
			sourceTree = "<group>";
		};
		EAD531EE2B1E865200E3C78B /* Model */ = {
			isa = PBXGroup;
			children = (
				EA0458222A625C0C0065B98E /* WiD.swift */,
				EAF1D54B2B1AAAB000E26B2A /* Diary.swift */,
			);
			path = Model;
			sourceTree = "<group>";
		};
		EADCDC452A6DF95100D8AED2 /* Font */ = {
			isa = PBXGroup;
			children = (
				EADCDC462A6DF98100D8AED2 /* Acme-Regular.ttf */,
				EAA83AA42B3D2864008CE95F /* ChivoMono-BlackItalic.ttf */,
				EA66D0292B3D39190064483C /* ChivoMono-Regular.ttf */,
			);
			path = Font;
			sourceTree = "<group>";
		};
		EADF79172A583CCE000753B2 /* Service */ = {
			isa = PBXGroup;
			children = (
				EADF79152A583C8E000753B2 /* WiDService.swift */,
				EA3BC0632B1AB9F1009467CA /* DiaryService.swift */,
			);
			path = Service;
			sourceTree = "<group>";
		};
		EAE51AAF2B9AC69100FCC355 /* ViewModel */ = {
			isa = PBXGroup;
			children = (
				EA1A39C02B500B4C00C0D5AC /* StopwatchViewModel.swift */,
				EAB438A52B5109A70029F640 /* TimerViewModel.swift */,
			);
			path = ViewModel;
			sourceTree = "<group>";
		};
/* End PBXGroup section */

/* Begin PBXNativeTarget section */
		EA60B8012A56991700B49641 /* WiD */ = {
			isa = PBXNativeTarget;
			buildConfigurationList = EA60B8262A56991800B49641 /* Build configuration list for PBXNativeTarget "WiD" */;
			buildPhases = (
				D80DB951A2B274CDEA6D6EAC /* [CP] Check Pods Manifest.lock */,
				EA60B7FE2A56991700B49641 /* Sources */,
				EA60B7FF2A56991700B49641 /* Frameworks */,
				EA60B8002A56991700B49641 /* Resources */,
				E4FC43023FCFD8BF3EF49675 /* [CP] Embed Pods Frameworks */,
			);
			buildRules = (
			);
			dependencies = (
			);
			name = WiD;
			productName = WiD;
			productReference = EA60B8022A56991700B49641 /* WiD.app */;
			productType = "com.apple.product-type.application";
		};
		EA60B8112A56991800B49641 /* WiDTests */ = {
			isa = PBXNativeTarget;
			buildConfigurationList = EA60B8292A56991800B49641 /* Build configuration list for PBXNativeTarget "WiDTests" */;
			buildPhases = (
				1A80E1BE38D6EF4836A9350A /* [CP] Check Pods Manifest.lock */,
				EA60B80E2A56991800B49641 /* Sources */,
				EA60B80F2A56991800B49641 /* Frameworks */,
				EA60B8102A56991800B49641 /* Resources */,
			);
			buildRules = (
			);
			dependencies = (
				EA60B8142A56991800B49641 /* PBXTargetDependency */,
			);
			name = WiDTests;
			productName = WiDTests;
			productReference = EA60B8122A56991800B49641 /* WiDTests.xctest */;
			productType = "com.apple.product-type.bundle.unit-test";
		};
		EA60B81B2A56991800B49641 /* WiDUITests */ = {
			isa = PBXNativeTarget;
			buildConfigurationList = EA60B82C2A56991800B49641 /* Build configuration list for PBXNativeTarget "WiDUITests" */;
			buildPhases = (
				A5745FF6F35FB53E579F122C /* [CP] Check Pods Manifest.lock */,
				EA60B8182A56991800B49641 /* Sources */,
				EA60B8192A56991800B49641 /* Frameworks */,
				EA60B81A2A56991800B49641 /* Resources */,
				ADEF3ED6D7117F347E05082D /* [CP] Embed Pods Frameworks */,
			);
			buildRules = (
			);
			dependencies = (
				EA60B81E2A56991800B49641 /* PBXTargetDependency */,
			);
			name = WiDUITests;
			productName = WiDUITests;
			productReference = EA60B81C2A56991800B49641 /* WiDUITests.xctest */;
			productType = "com.apple.product-type.bundle.ui-testing";
		};
/* End PBXNativeTarget section */

/* Begin PBXProject section */
		EA60B7FA2A56991700B49641 /* Project object */ = {
			isa = PBXProject;
			attributes = {
				BuildIndependentTargetsInParallel = 1;
				LastSwiftUpdateCheck = 1430;
				LastUpgradeCheck = 1430;
				TargetAttributes = {
					EA60B8012A56991700B49641 = {
						CreatedOnToolsVersion = 14.3.1;
					};
					EA60B8112A56991800B49641 = {
						CreatedOnToolsVersion = 14.3.1;
						TestTargetID = EA60B8012A56991700B49641;
					};
					EA60B81B2A56991800B49641 = {
						CreatedOnToolsVersion = 14.3.1;
						TestTargetID = EA60B8012A56991700B49641;
					};
				};
			};
			buildConfigurationList = EA60B7FD2A56991700B49641 /* Build configuration list for PBXProject "WiD" */;
			compatibilityVersion = "Xcode 14.0";
			developmentRegion = en;
			hasScannedForEncodings = 0;
			knownRegions = (
				en,
				Base,
			);
			mainGroup = EA60B7F92A56991700B49641;
			productRefGroup = EA60B8032A56991700B49641 /* Products */;
			projectDirPath = "";
			projectRoot = "";
			targets = (
				EA60B8012A56991700B49641 /* WiD */,
				EA60B8112A56991800B49641 /* WiDTests */,
				EA60B81B2A56991800B49641 /* WiDUITests */,
			);
		};
/* End PBXProject section */

/* Begin PBXResourcesBuildPhase section */
		EA60B8002A56991700B49641 /* Resources */ = {
			isa = PBXResourcesBuildPhase;
			buildActionMask = 2147483647;
			files = (
				EA60B80D2A56991800B49641 /* Preview Assets.xcassets in Resources */,
				EA66D02A2B3D39190064483C /* ChivoMono-Regular.ttf in Resources */,
				EADCDC472A6DF98100D8AED2 /* Acme-Regular.ttf in Resources */,
				EA60B80A2A56991800B49641 /* Assets.xcassets in Resources */,
				EAA83AA52B3D2864008CE95F /* ChivoMono-BlackItalic.ttf in Resources */,
			);
			runOnlyForDeploymentPostprocessing = 0;
		};
		EA60B8102A56991800B49641 /* Resources */ = {
			isa = PBXResourcesBuildPhase;
			buildActionMask = 2147483647;
			files = (
			);
			runOnlyForDeploymentPostprocessing = 0;
		};
		EA60B81A2A56991800B49641 /* Resources */ = {
			isa = PBXResourcesBuildPhase;
			buildActionMask = 2147483647;
			files = (
			);
			runOnlyForDeploymentPostprocessing = 0;
		};
/* End PBXResourcesBuildPhase section */

/* Begin PBXShellScriptBuildPhase section */
		1A80E1BE38D6EF4836A9350A /* [CP] Check Pods Manifest.lock */ = {
			isa = PBXShellScriptBuildPhase;
			buildActionMask = 2147483647;
			files = (
			);
			inputFileListPaths = (
			);
			inputPaths = (
				"${PODS_PODFILE_DIR_PATH}/Podfile.lock",
				"${PODS_ROOT}/Manifest.lock",
			);
			name = "[CP] Check Pods Manifest.lock";
			outputFileListPaths = (
			);
			outputPaths = (
				"$(DERIVED_FILE_DIR)/Pods-WiDTests-checkManifestLockResult.txt",
			);
			runOnlyForDeploymentPostprocessing = 0;
			shellPath = /bin/sh;
			shellScript = "diff \"${PODS_PODFILE_DIR_PATH}/Podfile.lock\" \"${PODS_ROOT}/Manifest.lock\" > /dev/null\nif [ $? != 0 ] ; then\n    # print error to STDERR\n    echo \"error: The sandbox is not in sync with the Podfile.lock. Run 'pod install' or update your CocoaPods installation.\" >&2\n    exit 1\nfi\n# This output is used by Xcode 'outputs' to avoid re-running this script phase.\necho \"SUCCESS\" > \"${SCRIPT_OUTPUT_FILE_0}\"\n";
			showEnvVarsInLog = 0;
		};
		A5745FF6F35FB53E579F122C /* [CP] Check Pods Manifest.lock */ = {
			isa = PBXShellScriptBuildPhase;
			buildActionMask = 2147483647;
			files = (
			);
			inputFileListPaths = (
			);
			inputPaths = (
				"${PODS_PODFILE_DIR_PATH}/Podfile.lock",
				"${PODS_ROOT}/Manifest.lock",
			);
			name = "[CP] Check Pods Manifest.lock";
			outputFileListPaths = (
			);
			outputPaths = (
				"$(DERIVED_FILE_DIR)/Pods-WiD-WiDUITests-checkManifestLockResult.txt",
			);
			runOnlyForDeploymentPostprocessing = 0;
			shellPath = /bin/sh;
			shellScript = "diff \"${PODS_PODFILE_DIR_PATH}/Podfile.lock\" \"${PODS_ROOT}/Manifest.lock\" > /dev/null\nif [ $? != 0 ] ; then\n    # print error to STDERR\n    echo \"error: The sandbox is not in sync with the Podfile.lock. Run 'pod install' or update your CocoaPods installation.\" >&2\n    exit 1\nfi\n# This output is used by Xcode 'outputs' to avoid re-running this script phase.\necho \"SUCCESS\" > \"${SCRIPT_OUTPUT_FILE_0}\"\n";
			showEnvVarsInLog = 0;
		};
		ADEF3ED6D7117F347E05082D /* [CP] Embed Pods Frameworks */ = {
			isa = PBXShellScriptBuildPhase;
			buildActionMask = 2147483647;
			files = (
			);
			inputFileListPaths = (
				"${PODS_ROOT}/Target Support Files/Pods-WiD-WiDUITests/Pods-WiD-WiDUITests-frameworks-${CONFIGURATION}-input-files.xcfilelist",
			);
			name = "[CP] Embed Pods Frameworks";
			outputFileListPaths = (
				"${PODS_ROOT}/Target Support Files/Pods-WiD-WiDUITests/Pods-WiD-WiDUITests-frameworks-${CONFIGURATION}-output-files.xcfilelist",
			);
			runOnlyForDeploymentPostprocessing = 0;
			shellPath = /bin/sh;
			shellScript = "\"${PODS_ROOT}/Target Support Files/Pods-WiD-WiDUITests/Pods-WiD-WiDUITests-frameworks.sh\"\n";
			showEnvVarsInLog = 0;
		};
		D80DB951A2B274CDEA6D6EAC /* [CP] Check Pods Manifest.lock */ = {
			isa = PBXShellScriptBuildPhase;
			buildActionMask = 2147483647;
			files = (
			);
			inputFileListPaths = (
			);
			inputPaths = (
				"${PODS_PODFILE_DIR_PATH}/Podfile.lock",
				"${PODS_ROOT}/Manifest.lock",
			);
			name = "[CP] Check Pods Manifest.lock";
			outputFileListPaths = (
			);
			outputPaths = (
				"$(DERIVED_FILE_DIR)/Pods-WiD-checkManifestLockResult.txt",
			);
			runOnlyForDeploymentPostprocessing = 0;
			shellPath = /bin/sh;
			shellScript = "diff \"${PODS_PODFILE_DIR_PATH}/Podfile.lock\" \"${PODS_ROOT}/Manifest.lock\" > /dev/null\nif [ $? != 0 ] ; then\n    # print error to STDERR\n    echo \"error: The sandbox is not in sync with the Podfile.lock. Run 'pod install' or update your CocoaPods installation.\" >&2\n    exit 1\nfi\n# This output is used by Xcode 'outputs' to avoid re-running this script phase.\necho \"SUCCESS\" > \"${SCRIPT_OUTPUT_FILE_0}\"\n";
			showEnvVarsInLog = 0;
		};
		E4FC43023FCFD8BF3EF49675 /* [CP] Embed Pods Frameworks */ = {
			isa = PBXShellScriptBuildPhase;
			buildActionMask = 2147483647;
			files = (
			);
			inputFileListPaths = (
				"${PODS_ROOT}/Target Support Files/Pods-WiD/Pods-WiD-frameworks-${CONFIGURATION}-input-files.xcfilelist",
			);
			name = "[CP] Embed Pods Frameworks";
			outputFileListPaths = (
				"${PODS_ROOT}/Target Support Files/Pods-WiD/Pods-WiD-frameworks-${CONFIGURATION}-output-files.xcfilelist",
			);
			runOnlyForDeploymentPostprocessing = 0;
			shellPath = /bin/sh;
			shellScript = "\"${PODS_ROOT}/Target Support Files/Pods-WiD/Pods-WiD-frameworks.sh\"\n";
			showEnvVarsInLog = 0;
		};
/* End PBXShellScriptBuildPhase section */

/* Begin PBXSourcesBuildPhase section */
		EA60B7FE2A56991700B49641 /* Sources */ = {
			isa = PBXSourcesBuildPhase;
			buildActionMask = 2147483647;
			files = (
				EA43E2742B72077B00C9D8E9 /* TitleWiDView.swift in Sources */,
				EAF1D54C2B1AAAB000E26B2A /* Diary.swift in Sources */,
				EADF79162A583C8E000753B2 /* WiDService.swift in Sources */,
				EA43E2782B7207CA00C9D8E9 /* DayDiaryView.swift in Sources */,
				EA4EACF42B1EAA2900BB4681 /* LineGraphView.swift in Sources */,
				EAB438A62B5109A70029F640 /* TimerViewModel.swift in Sources */,
				EA18DCB62AE8CC5B00B88F30 /* BarChartView.swift in Sources */,
				EA1AF4AC2AB55C5500BEBA93 /* SplashView.swift in Sources */,
				EA1F446D2B72048D0028B9EC /* PomodoroView.swift in Sources */,
				EA663F0C2A5E74E200B51844 /* DataUtil.swift in Sources */,
				EA35F2DF2B71CE050033253D /* WiDDisplayView.swift in Sources */,
				EA9D41742AB18B0D008D6DE2 /* TimerView.swift in Sources */,
				EA7B66B02B7322AB00A159CD /* PieGraphView.swift in Sources */,
				EA1A39C12B500B4C00C0D5AC /* StopwatchViewModel.swift in Sources */,
				EA1AF4AA2AB54EBD00BEBA93 /* AppOpenAdUtil.swift in Sources */,
				EAD98BB02B76501A004A1ECD /* HomeView.swift in Sources */,
				EA215CDE2A60F9AF005C5D30 /* SearchDiaryView.swift in Sources */,
				EAE85ED92B88B99D000DA267 /* MainView.swift in Sources */,
				EA60B8082A56991700B49641 /* ContentView.swift in Sources */,
				EA181F372A624F1F006EAF72 /* TimeUtil.swift in Sources */,
				EA70DD742A59089D00B4B167 /* DayWiDView.swift in Sources */,
				EA43E2762B7207A700C9D8E9 /* DiaryDisplayView.swift in Sources */,
				EA40A95D2B7B436600DA9827 /* SettingView.swift in Sources */,
				EA0458232A625C0C0065B98E /* WiD.swift in Sources */,
				EA35F2DD2B71CA430033253D /* WiDListView.swift in Sources */,
				EA3BC0642B1AB9F1009467CA /* DiaryService.swift in Sources */,
				EAD531ED2B1E862700E3C78B /* WiDDetailView.swift in Sources */,
				EA1BF4E02B04703D004DEBC4 /* WiDListUtil.swift in Sources */,
				EAA5E85C2B2FE6A8004DEA29 /* FontUtil.swift in Sources */,
				EA05E95C2B1CA6B800A0DF42 /* DiaryDetailView.swift in Sources */,
				EAC5D7212A56A76E00FA2499 /* StopwatchView.swift in Sources */,
				EA60B8062A56991700B49641 /* WiDApp.swift in Sources */,
				EA1B5BE02B22AF5800E1BC87 /* ViewUtil.swift in Sources */,
				EA43E27A2B72081800C9D8E9 /* RandomDiaryView.swift in Sources */,
				EA0C270C2B19AAB200AB2FBD /* DurationUtil.swift in Sources */,
				EA8CBDDC2B71A84D00798E9D /* WiDToolView.swift in Sources */,
				EA0C270A2B19AA7D00AB2FBD /* DateUtil.swift in Sources */,
				EAC5E1582B19B35500AD8516 /* WeekWiDView.swift in Sources */,
				EA0458212A625B840065B98E /* PieChartView.swift in Sources */,
				EA7B66B22B73268A00A159CD /* MonthWiDView.swift in Sources */,
				EACB45152AB9CA8200DEF739 /* NewWiDView.swift in Sources */,
			);
			runOnlyForDeploymentPostprocessing = 0;
		};
		EA60B80E2A56991800B49641 /* Sources */ = {
			isa = PBXSourcesBuildPhase;
			buildActionMask = 2147483647;
			files = (
				EA60B8172A56991800B49641 /* WiDTests.swift in Sources */,
			);
			runOnlyForDeploymentPostprocessing = 0;
		};
		EA60B8182A56991800B49641 /* Sources */ = {
			isa = PBXSourcesBuildPhase;
			buildActionMask = 2147483647;
			files = (
				EA60B8212A56991800B49641 /* WiDUITests.swift in Sources */,
				EA60B8232A56991800B49641 /* WiDUITestsLaunchTests.swift in Sources */,
			);
			runOnlyForDeploymentPostprocessing = 0;
		};
/* End PBXSourcesBuildPhase section */

/* Begin PBXTargetDependency section */
		EA60B8142A56991800B49641 /* PBXTargetDependency */ = {
			isa = PBXTargetDependency;
			target = EA60B8012A56991700B49641 /* WiD */;
			targetProxy = EA60B8132A56991800B49641 /* PBXContainerItemProxy */;
		};
		EA60B81E2A56991800B49641 /* PBXTargetDependency */ = {
			isa = PBXTargetDependency;
			target = EA60B8012A56991700B49641 /* WiD */;
			targetProxy = EA60B81D2A56991800B49641 /* PBXContainerItemProxy */;
		};
/* End PBXTargetDependency section */

/* Begin XCBuildConfiguration section */
		EA60B8242A56991800B49641 /* Debug */ = {
			isa = XCBuildConfiguration;
			buildSettings = {
				ALWAYS_SEARCH_USER_PATHS = NO;
				CLANG_ANALYZER_NONNULL = YES;
				CLANG_ANALYZER_NUMBER_OBJECT_CONVERSION = YES_AGGRESSIVE;
				CLANG_CXX_LANGUAGE_STANDARD = "gnu++20";
				CLANG_ENABLE_MODULES = YES;
				CLANG_ENABLE_OBJC_ARC = YES;
				CLANG_ENABLE_OBJC_WEAK = YES;
				CLANG_WARN_BLOCK_CAPTURE_AUTORELEASING = YES;
				CLANG_WARN_BOOL_CONVERSION = YES;
				CLANG_WARN_COMMA = YES;
				CLANG_WARN_CONSTANT_CONVERSION = YES;
				CLANG_WARN_DEPRECATED_OBJC_IMPLEMENTATIONS = YES;
				CLANG_WARN_DIRECT_OBJC_ISA_USAGE = YES_ERROR;
				CLANG_WARN_DOCUMENTATION_COMMENTS = YES;
				CLANG_WARN_EMPTY_BODY = YES;
				CLANG_WARN_ENUM_CONVERSION = YES;
				CLANG_WARN_INFINITE_RECURSION = YES;
				CLANG_WARN_INT_CONVERSION = YES;
				CLANG_WARN_NON_LITERAL_NULL_CONVERSION = YES;
				CLANG_WARN_OBJC_IMPLICIT_RETAIN_SELF = YES;
				CLANG_WARN_OBJC_LITERAL_CONVERSION = YES;
				CLANG_WARN_OBJC_ROOT_CLASS = YES_ERROR;
				CLANG_WARN_QUOTED_INCLUDE_IN_FRAMEWORK_HEADER = YES;
				CLANG_WARN_RANGE_LOOP_ANALYSIS = YES;
				CLANG_WARN_STRICT_PROTOTYPES = YES;
				CLANG_WARN_SUSPICIOUS_MOVE = YES;
				CLANG_WARN_UNGUARDED_AVAILABILITY = YES_AGGRESSIVE;
				CLANG_WARN_UNREACHABLE_CODE = YES;
				CLANG_WARN__DUPLICATE_METHOD_MATCH = YES;
				COPY_PHASE_STRIP = NO;
				DEBUG_INFORMATION_FORMAT = dwarf;
				ENABLE_STRICT_OBJC_MSGSEND = YES;
				ENABLE_TESTABILITY = YES;
				GCC_C_LANGUAGE_STANDARD = gnu11;
				GCC_DYNAMIC_NO_PIC = NO;
				GCC_NO_COMMON_BLOCKS = YES;
				GCC_OPTIMIZATION_LEVEL = 0;
				GCC_PREPROCESSOR_DEFINITIONS = (
					"DEBUG=1",
					"$(inherited)",
				);
				GCC_WARN_64_TO_32_BIT_CONVERSION = YES;
				GCC_WARN_ABOUT_RETURN_TYPE = YES_ERROR;
				GCC_WARN_UNDECLARED_SELECTOR = YES;
				GCC_WARN_UNINITIALIZED_AUTOS = YES_AGGRESSIVE;
				GCC_WARN_UNUSED_FUNCTION = YES;
				GCC_WARN_UNUSED_VARIABLE = YES;
				IPHONEOS_DEPLOYMENT_TARGET = 15.0;
				MTL_ENABLE_DEBUG_INFO = INCLUDE_SOURCE;
				MTL_FAST_MATH = YES;
				ONLY_ACTIVE_ARCH = YES;
				SDKROOT = iphoneos;
				SWIFT_ACTIVE_COMPILATION_CONDITIONS = DEBUG;
				SWIFT_OPTIMIZATION_LEVEL = "-Onone";
			};
			name = Debug;
		};
		EA60B8252A56991800B49641 /* Release */ = {
			isa = XCBuildConfiguration;
			buildSettings = {
				ALWAYS_SEARCH_USER_PATHS = NO;
				CLANG_ANALYZER_NONNULL = YES;
				CLANG_ANALYZER_NUMBER_OBJECT_CONVERSION = YES_AGGRESSIVE;
				CLANG_CXX_LANGUAGE_STANDARD = "gnu++20";
				CLANG_ENABLE_MODULES = YES;
				CLANG_ENABLE_OBJC_ARC = YES;
				CLANG_ENABLE_OBJC_WEAK = YES;
				CLANG_WARN_BLOCK_CAPTURE_AUTORELEASING = YES;
				CLANG_WARN_BOOL_CONVERSION = YES;
				CLANG_WARN_COMMA = YES;
				CLANG_WARN_CONSTANT_CONVERSION = YES;
				CLANG_WARN_DEPRECATED_OBJC_IMPLEMENTATIONS = YES;
				CLANG_WARN_DIRECT_OBJC_ISA_USAGE = YES_ERROR;
				CLANG_WARN_DOCUMENTATION_COMMENTS = YES;
				CLANG_WARN_EMPTY_BODY = YES;
				CLANG_WARN_ENUM_CONVERSION = YES;
				CLANG_WARN_INFINITE_RECURSION = YES;
				CLANG_WARN_INT_CONVERSION = YES;
				CLANG_WARN_NON_LITERAL_NULL_CONVERSION = YES;
				CLANG_WARN_OBJC_IMPLICIT_RETAIN_SELF = YES;
				CLANG_WARN_OBJC_LITERAL_CONVERSION = YES;
				CLANG_WARN_OBJC_ROOT_CLASS = YES_ERROR;
				CLANG_WARN_QUOTED_INCLUDE_IN_FRAMEWORK_HEADER = YES;
				CLANG_WARN_RANGE_LOOP_ANALYSIS = YES;
				CLANG_WARN_STRICT_PROTOTYPES = YES;
				CLANG_WARN_SUSPICIOUS_MOVE = YES;
				CLANG_WARN_UNGUARDED_AVAILABILITY = YES_AGGRESSIVE;
				CLANG_WARN_UNREACHABLE_CODE = YES;
				CLANG_WARN__DUPLICATE_METHOD_MATCH = YES;
				COPY_PHASE_STRIP = NO;
				DEBUG_INFORMATION_FORMAT = "dwarf-with-dsym";
				ENABLE_NS_ASSERTIONS = NO;
				ENABLE_STRICT_OBJC_MSGSEND = YES;
				GCC_C_LANGUAGE_STANDARD = gnu11;
				GCC_NO_COMMON_BLOCKS = YES;
				GCC_WARN_64_TO_32_BIT_CONVERSION = YES;
				GCC_WARN_ABOUT_RETURN_TYPE = YES_ERROR;
				GCC_WARN_UNDECLARED_SELECTOR = YES;
				GCC_WARN_UNINITIALIZED_AUTOS = YES_AGGRESSIVE;
				GCC_WARN_UNUSED_FUNCTION = YES;
				GCC_WARN_UNUSED_VARIABLE = YES;
				IPHONEOS_DEPLOYMENT_TARGET = 15.0;
				MTL_ENABLE_DEBUG_INFO = NO;
				MTL_FAST_MATH = YES;
				SDKROOT = iphoneos;
				SWIFT_COMPILATION_MODE = wholemodule;
				SWIFT_OPTIMIZATION_LEVEL = "-O";
				VALIDATE_PRODUCT = YES;
			};
			name = Release;
		};
		EA60B8272A56991800B49641 /* Debug */ = {
			isa = XCBuildConfiguration;
			baseConfigurationReference = E68480A408F016D97A8F7C05 /* Pods-WiD.debug.xcconfig */;
			buildSettings = {
				ASSETCATALOG_COMPILER_APPICON_NAME = AppIcon;
				ASSETCATALOG_COMPILER_GLOBAL_ACCENT_COLOR_NAME = AccentColor;
				CODE_SIGN_IDENTITY = "Apple Development";
				"CODE_SIGN_IDENTITY[sdk=iphoneos*]" = "iPhone Distribution";
				CODE_SIGN_STYLE = Manual;
				CURRENT_PROJECT_VERSION = 10;
				DEVELOPMENT_ASSET_PATHS = "\"WiD/Preview Content\"";
				DEVELOPMENT_TEAM = "";
				"DEVELOPMENT_TEAM[sdk=iphoneos*]" = 6HAZ636CW5;
				ENABLE_PREVIEWS = YES;
				GENERATE_INFOPLIST_FILE = YES;
				INFOPLIST_FILE = WiD/Info.plist;
				INFOPLIST_KEY_CFBundleDisplayName = WiD;
				INFOPLIST_KEY_LSApplicationCategoryType = "public.app-category.productivity";
				INFOPLIST_KEY_UIApplicationSceneManifest_Generation = YES;
				INFOPLIST_KEY_UIApplicationSupportsIndirectInputEvents = YES;
				INFOPLIST_KEY_UILaunchScreen_Generation = YES;
				INFOPLIST_KEY_UIRequiresFullScreen = NO;
				INFOPLIST_KEY_UIStatusBarStyle = "";
				INFOPLIST_KEY_UISupportedInterfaceOrientations = UIInterfaceOrientationPortrait;
				INFOPLIST_KEY_UISupportedInterfaceOrientations_iPad = "UIInterfaceOrientationLandscapeLeft UIInterfaceOrientationLandscapeRight UIInterfaceOrientationPortrait";
				IPHONEOS_DEPLOYMENT_TARGET = 15.0;
				LD_RUNPATH_SEARCH_PATHS = (
					"$(inherited)",
					"@executable_path/Frameworks",
				);
				MARKETING_VERSION = 1.6.0;
				PRODUCT_BUNDLE_IDENTIFIER = andpact.project.WiD;
				PRODUCT_NAME = "$(TARGET_NAME)";
				PROVISIONING_PROFILE_SPECIFIER = "";
				"PROVISIONING_PROFILE_SPECIFIER[sdk=iphoneos*]" = "AppStore andpact.project.WiD";
				SUPPORTED_PLATFORMS = "iphoneos iphonesimulator";
				SUPPORTS_MACCATALYST = NO;
				SUPPORTS_MAC_DESIGNED_FOR_IPHONE_IPAD = NO;
				SWIFT_EMIT_LOC_STRINGS = YES;
				SWIFT_VERSION = 5.0;
				TARGETED_DEVICE_FAMILY = 1;
			};
			name = Debug;
		};
		EA60B8282A56991800B49641 /* Release */ = {
			isa = XCBuildConfiguration;
			baseConfigurationReference = 5C4ACC78C73AA9E14A7EFA98 /* Pods-WiD.release.xcconfig */;
			buildSettings = {
				ASSETCATALOG_COMPILER_APPICON_NAME = AppIcon;
				ASSETCATALOG_COMPILER_GLOBAL_ACCENT_COLOR_NAME = AccentColor;
				CODE_SIGN_IDENTITY = "Apple Development";
				"CODE_SIGN_IDENTITY[sdk=iphoneos*]" = "iPhone Distribution";
				CODE_SIGN_STYLE = Manual;
				CURRENT_PROJECT_VERSION = 10;
				DEVELOPMENT_ASSET_PATHS = "\"WiD/Preview Content\"";
				DEVELOPMENT_TEAM = "";
				"DEVELOPMENT_TEAM[sdk=iphoneos*]" = 6HAZ636CW5;
				ENABLE_PREVIEWS = YES;
				GENERATE_INFOPLIST_FILE = YES;
				INFOPLIST_FILE = WiD/Info.plist;
				INFOPLIST_KEY_CFBundleDisplayName = WiD;
				INFOPLIST_KEY_LSApplicationCategoryType = "public.app-category.productivity";
				INFOPLIST_KEY_UIApplicationSceneManifest_Generation = YES;
				INFOPLIST_KEY_UIApplicationSupportsIndirectInputEvents = YES;
				INFOPLIST_KEY_UILaunchScreen_Generation = YES;
				INFOPLIST_KEY_UIRequiresFullScreen = NO;
				INFOPLIST_KEY_UIStatusBarStyle = "";
				INFOPLIST_KEY_UISupportedInterfaceOrientations = UIInterfaceOrientationPortrait;
				INFOPLIST_KEY_UISupportedInterfaceOrientations_iPad = "UIInterfaceOrientationLandscapeLeft UIInterfaceOrientationLandscapeRight UIInterfaceOrientationPortrait";
				IPHONEOS_DEPLOYMENT_TARGET = 15.0;
				LD_RUNPATH_SEARCH_PATHS = (
					"$(inherited)",
					"@executable_path/Frameworks",
				);
				MARKETING_VERSION = 1.6.0;
				PRODUCT_BUNDLE_IDENTIFIER = andpact.project.WiD;
				PRODUCT_NAME = "$(TARGET_NAME)";
				PROVISIONING_PROFILE_SPECIFIER = "";
				"PROVISIONING_PROFILE_SPECIFIER[sdk=iphoneos*]" = "AppStore andpact.project.WiD";
				SUPPORTED_PLATFORMS = "iphoneos iphonesimulator";
				SUPPORTS_MACCATALYST = NO;
				SUPPORTS_MAC_DESIGNED_FOR_IPHONE_IPAD = NO;
				SWIFT_EMIT_LOC_STRINGS = YES;
				SWIFT_VERSION = 5.0;
				TARGETED_DEVICE_FAMILY = 1;
			};
			name = Release;
		};
		EA60B82A2A56991800B49641 /* Debug */ = {
			isa = XCBuildConfiguration;
			baseConfigurationReference = 54385F36B27C3B4BADB8362F /* Pods-WiDTests.debug.xcconfig */;
			buildSettings = {
				ALWAYS_EMBED_SWIFT_STANDARD_LIBRARIES = YES;
				BUNDLE_LOADER = "$(TEST_HOST)";
				CODE_SIGN_STYLE = Automatic;
				CURRENT_PROJECT_VERSION = 1;
				DEVELOPMENT_TEAM = 6HAZ636CW5;
				GENERATE_INFOPLIST_FILE = YES;
				IPHONEOS_DEPLOYMENT_TARGET = 16.4;
				MARKETING_VERSION = 1.0;
				PRODUCT_BUNDLE_IDENTIFIER = andpact.project.WiDTests;
				PRODUCT_NAME = "$(TARGET_NAME)";
				SWIFT_EMIT_LOC_STRINGS = NO;
				SWIFT_VERSION = 5.0;
				TARGETED_DEVICE_FAMILY = "1,2";
				TEST_HOST = "$(BUILT_PRODUCTS_DIR)/WiD.app/$(BUNDLE_EXECUTABLE_FOLDER_PATH)/WiD";
			};
			name = Debug;
		};
		EA60B82B2A56991800B49641 /* Release */ = {
			isa = XCBuildConfiguration;
			baseConfigurationReference = E420BB22C505E4A14D072EA7 /* Pods-WiDTests.release.xcconfig */;
			buildSettings = {
				ALWAYS_EMBED_SWIFT_STANDARD_LIBRARIES = YES;
				BUNDLE_LOADER = "$(TEST_HOST)";
				CODE_SIGN_STYLE = Automatic;
				CURRENT_PROJECT_VERSION = 1;
				DEVELOPMENT_TEAM = 6HAZ636CW5;
				GENERATE_INFOPLIST_FILE = YES;
				IPHONEOS_DEPLOYMENT_TARGET = 16.4;
				MARKETING_VERSION = 1.0;
				PRODUCT_BUNDLE_IDENTIFIER = andpact.project.WiDTests;
				PRODUCT_NAME = "$(TARGET_NAME)";
				SWIFT_EMIT_LOC_STRINGS = NO;
				SWIFT_VERSION = 5.0;
				TARGETED_DEVICE_FAMILY = "1,2";
				TEST_HOST = "$(BUILT_PRODUCTS_DIR)/WiD.app/$(BUNDLE_EXECUTABLE_FOLDER_PATH)/WiD";
			};
			name = Release;
		};
		EA60B82D2A56991800B49641 /* Debug */ = {
			isa = XCBuildConfiguration;
			baseConfigurationReference = 77FFFB579CC8B54277DB566F /* Pods-WiD-WiDUITests.debug.xcconfig */;
			buildSettings = {
				ALWAYS_EMBED_SWIFT_STANDARD_LIBRARIES = YES;
				CODE_SIGN_STYLE = Automatic;
				CURRENT_PROJECT_VERSION = 1;
				DEVELOPMENT_TEAM = 6HAZ636CW5;
				GENERATE_INFOPLIST_FILE = YES;
				MARKETING_VERSION = 1.0;
				PRODUCT_BUNDLE_IDENTIFIER = andpact.project.WiDUITests;
				PRODUCT_NAME = "$(TARGET_NAME)";
				SWIFT_EMIT_LOC_STRINGS = NO;
				SWIFT_VERSION = 5.0;
				TARGETED_DEVICE_FAMILY = "1,2";
				TEST_TARGET_NAME = WiD;
			};
			name = Debug;
		};
		EA60B82E2A56991800B49641 /* Release */ = {
			isa = XCBuildConfiguration;
			baseConfigurationReference = 68740296696AA6A9EAEE9898 /* Pods-WiD-WiDUITests.release.xcconfig */;
			buildSettings = {
				ALWAYS_EMBED_SWIFT_STANDARD_LIBRARIES = YES;
				CODE_SIGN_STYLE = Automatic;
				CURRENT_PROJECT_VERSION = 1;
				DEVELOPMENT_TEAM = 6HAZ636CW5;
				GENERATE_INFOPLIST_FILE = YES;
				MARKETING_VERSION = 1.0;
				PRODUCT_BUNDLE_IDENTIFIER = andpact.project.WiDUITests;
				PRODUCT_NAME = "$(TARGET_NAME)";
				SWIFT_EMIT_LOC_STRINGS = NO;
				SWIFT_VERSION = 5.0;
				TARGETED_DEVICE_FAMILY = "1,2";
				TEST_TARGET_NAME = WiD;
			};
			name = Release;
		};
/* End XCBuildConfiguration section */

/* Begin XCConfigurationList section */
		EA60B7FD2A56991700B49641 /* Build configuration list for PBXProject "WiD" */ = {
			isa = XCConfigurationList;
			buildConfigurations = (
				EA60B8242A56991800B49641 /* Debug */,
				EA60B8252A56991800B49641 /* Release */,
			);
			defaultConfigurationIsVisible = 0;
			defaultConfigurationName = Release;
		};
		EA60B8262A56991800B49641 /* Build configuration list for PBXNativeTarget "WiD" */ = {
			isa = XCConfigurationList;
			buildConfigurations = (
				EA60B8272A56991800B49641 /* Debug */,
				EA60B8282A56991800B49641 /* Release */,
			);
			defaultConfigurationIsVisible = 0;
			defaultConfigurationName = Release;
		};
		EA60B8292A56991800B49641 /* Build configuration list for PBXNativeTarget "WiDTests" */ = {
			isa = XCConfigurationList;
			buildConfigurations = (
				EA60B82A2A56991800B49641 /* Debug */,
				EA60B82B2A56991800B49641 /* Release */,
			);
			defaultConfigurationIsVisible = 0;
			defaultConfigurationName = Release;
		};
		EA60B82C2A56991800B49641 /* Build configuration list for PBXNativeTarget "WiDUITests" */ = {
			isa = XCConfigurationList;
			buildConfigurations = (
				EA60B82D2A56991800B49641 /* Debug */,
				EA60B82E2A56991800B49641 /* Release */,
			);
			defaultConfigurationIsVisible = 0;
			defaultConfigurationName = Release;
		};
/* End XCConfigurationList section */
	};
	rootObject = EA60B7FA2A56991700B49641 /* Project object */;
}
