// !$*UTF8*$!
{
	archiveVersion = 1;
	classes = {
	};
	objectVersion = 56;
	objects = {

/* Begin PBXBuildFile section */
		0A8337A87FAE851756C4FBAF /* Pods_WiDTests.framework in Frameworks */ = {isa = PBXBuildFile; fileRef = A3BC5EED3432FAAE53328A4A /* Pods_WiDTests.framework */; };
		825352480F23FD8CF303DA47 /* Pods_WiD_WiDUITests.framework in Frameworks */ = {isa = PBXBuildFile; fileRef = B219E33604AFB7E2FD00DB3F /* Pods_WiD_WiDUITests.framework */; };
		B96DB5DE9C4ABD38BC494656 /* Pods_WiD.framework in Frameworks */ = {isa = PBXBuildFile; fileRef = 4ADAF41497613B67796E0E8C /* Pods_WiD.framework */; };
		EA0458212A625B840065B98E /* PieChartUtil.swift in Sources */ = {isa = PBXBuildFile; fileRef = EA0458202A625B840065B98E /* PieChartUtil.swift */; };
		EA0458232A625C0C0065B98E /* WiDUtil.swift in Sources */ = {isa = PBXBuildFile; fileRef = EA0458222A625C0C0065B98E /* WiDUtil.swift */; };
		EA181F372A624F1F006EAF72 /* CalendarUtil.swift in Sources */ = {isa = PBXBuildFile; fileRef = EA181F362A624F1F006EAF72 /* CalendarUtil.swift */; };
		EA18DCB62AE8CC5B00B88F30 /* BarChartUtil.swift in Sources */ = {isa = PBXBuildFile; fileRef = EA18DCB52AE8CC5B00B88F30 /* BarChartUtil.swift */; };
		EA18DCB82AE8D9EC00B88F30 /* ManualViewWithHorizontalBarView.swift in Sources */ = {isa = PBXBuildFile; fileRef = EA18DCB72AE8D9EC00B88F30 /* ManualViewWithHorizontalBarView.swift */; };
		EA1AF4AA2AB54EBD00BEBA93 /* AppOpenAdUtil.swift in Sources */ = {isa = PBXBuildFile; fileRef = EA1AF4A92AB54EBD00BEBA93 /* AppOpenAdUtil.swift */; };
		EA1AF4AC2AB55C5500BEBA93 /* SplashView.swift in Sources */ = {isa = PBXBuildFile; fileRef = EA1AF4AB2AB55C5500BEBA93 /* SplashView.swift */; };
		EA215CDE2A60F9AF005C5D30 /* WiDSearchView.swift in Sources */ = {isa = PBXBuildFile; fileRef = EA215CDD2A60F9AF005C5D30 /* WiDSearchView.swift */; };
		EA215CE02A60FCAF005C5D30 /* WiDReadWeekView.swift in Sources */ = {isa = PBXBuildFile; fileRef = EA215CDF2A60FCAF005C5D30 /* WiDReadWeekView.swift */; };
		EA215CE22A60FCBB005C5D30 /* WiDReadMonthView.swift in Sources */ = {isa = PBXBuildFile; fileRef = EA215CE12A60FCBB005C5D30 /* WiDReadMonthView.swift */; };
		EA215CE42A60FCD6005C5D30 /* WiDReadHolderView.swift in Sources */ = {isa = PBXBuildFile; fileRef = EA215CE32A60FCD6005C5D30 /* WiDReadHolderView.swift */; };
		EA3E63942AE7ED7F00294709 /* WiDReadCalendarView.swift in Sources */ = {isa = PBXBuildFile; fileRef = EA3E63932AE7ED7F00294709 /* WiDReadCalendarView.swift */; };
		EA469A7F2AB6A5170000E0CC /* Tektur-Regular.ttf in Resources */ = {isa = PBXBuildFile; fileRef = EA469A7E2AB6A5170000E0CC /* Tektur-Regular.ttf */; };
		EA60B8062A56991700B49641 /* WiDApp.swift in Sources */ = {isa = PBXBuildFile; fileRef = EA60B8052A56991700B49641 /* WiDApp.swift */; };
		EA60B8082A56991700B49641 /* ContentView.swift in Sources */ = {isa = PBXBuildFile; fileRef = EA60B8072A56991700B49641 /* ContentView.swift */; };
		EA60B80A2A56991800B49641 /* Assets.xcassets in Resources */ = {isa = PBXBuildFile; fileRef = EA60B8092A56991800B49641 /* Assets.xcassets */; };
		EA60B80D2A56991800B49641 /* Preview Assets.xcassets in Resources */ = {isa = PBXBuildFile; fileRef = EA60B80C2A56991800B49641 /* Preview Assets.xcassets */; };
		EA60B8172A56991800B49641 /* WiDTests.swift in Sources */ = {isa = PBXBuildFile; fileRef = EA60B8162A56991800B49641 /* WiDTests.swift */; };
		EA60B8212A56991800B49641 /* WiDUITests.swift in Sources */ = {isa = PBXBuildFile; fileRef = EA60B8202A56991800B49641 /* WiDUITests.swift */; };
		EA60B8232A56991800B49641 /* WiDUITestsLaunchTests.swift in Sources */ = {isa = PBXBuildFile; fileRef = EA60B8222A56991800B49641 /* WiDUITestsLaunchTests.swift */; };
		EA663F0C2A5E74E200B51844 /* TitleUtil.swift in Sources */ = {isa = PBXBuildFile; fileRef = EA663F0B2A5E74E200B51844 /* TitleUtil.swift */; };
		EA70DD742A59089D00B4B167 /* WiDReadDayView.swift in Sources */ = {isa = PBXBuildFile; fileRef = EA70DD732A59089D00B4B167 /* WiDReadDayView.swift */; };
		EA9D41742AB18B0D008D6DE2 /* WiDCreateTimerView.swift in Sources */ = {isa = PBXBuildFile; fileRef = EA9D41732AB18B0D008D6DE2 /* WiDCreateTimerView.swift */; };
		EA9D41762AB18B28008D6DE2 /* WiDCreateHolderView.swift in Sources */ = {isa = PBXBuildFile; fileRef = EA9D41752AB18B28008D6DE2 /* WiDCreateHolderView.swift */; };
		EAA2E1922AEE8AF900D6486B /* OpacityChartView.swift in Sources */ = {isa = PBXBuildFile; fileRef = EAA2E1912AEE8AF900D6486B /* OpacityChartView.swift */; };
		EAC5D7212A56A76E00FA2499 /* WiDCreateStopWatchView.swift in Sources */ = {isa = PBXBuildFile; fileRef = EAC5D7202A56A76E00FA2499 /* WiDCreateStopWatchView.swift */; };
		EACB45152AB9CA8200DEF739 /* WiDCreateManualView.swift in Sources */ = {isa = PBXBuildFile; fileRef = EACB45142AB9CA8200DEF739 /* WiDCreateManualView.swift */; };
		EADCDC472A6DF98100D8AED2 /* Acme-Regular.ttf in Resources */ = {isa = PBXBuildFile; fileRef = EADCDC462A6DF98100D8AED2 /* Acme-Regular.ttf */; };
		EADF79162A583C8E000753B2 /* WiDService.swift in Sources */ = {isa = PBXBuildFile; fileRef = EADF79152A583C8E000753B2 /* WiDService.swift */; };
/* End PBXBuildFile section */

/* Begin PBXContainerItemProxy section */
		EA60B8132A56991800B49641 /* PBXContainerItemProxy */ = {
			isa = PBXContainerItemProxy;
			containerPortal = EA60B7FA2A56991700B49641 /* Project object */;
			proxyType = 1;
			remoteGlobalIDString = EA60B8012A56991700B49641;
			remoteInfo = WiD;
		};
		EA60B81D2A56991800B49641 /* PBXContainerItemProxy */ = {
			isa = PBXContainerItemProxy;
			containerPortal = EA60B7FA2A56991700B49641 /* Project object */;
			proxyType = 1;
			remoteGlobalIDString = EA60B8012A56991700B49641;
			remoteInfo = WiD;
		};
/* End PBXContainerItemProxy section */

/* Begin PBXFileReference section */
		4ADAF41497613B67796E0E8C /* Pods_WiD.framework */ = {isa = PBXFileReference; explicitFileType = wrapper.framework; includeInIndex = 0; path = Pods_WiD.framework; sourceTree = BUILT_PRODUCTS_DIR; };
		54385F36B27C3B4BADB8362F /* Pods-WiDTests.debug.xcconfig */ = {isa = PBXFileReference; includeInIndex = 1; lastKnownFileType = text.xcconfig; name = "Pods-WiDTests.debug.xcconfig"; path = "Target Support Files/Pods-WiDTests/Pods-WiDTests.debug.xcconfig"; sourceTree = "<group>"; };
		5C4ACC78C73AA9E14A7EFA98 /* Pods-WiD.release.xcconfig */ = {isa = PBXFileReference; includeInIndex = 1; lastKnownFileType = text.xcconfig; name = "Pods-WiD.release.xcconfig"; path = "Target Support Files/Pods-WiD/Pods-WiD.release.xcconfig"; sourceTree = "<group>"; };
		68740296696AA6A9EAEE9898 /* Pods-WiD-WiDUITests.release.xcconfig */ = {isa = PBXFileReference; includeInIndex = 1; lastKnownFileType = text.xcconfig; name = "Pods-WiD-WiDUITests.release.xcconfig"; path = "Target Support Files/Pods-WiD-WiDUITests/Pods-WiD-WiDUITests.release.xcconfig"; sourceTree = "<group>"; };
		77FFFB579CC8B54277DB566F /* Pods-WiD-WiDUITests.debug.xcconfig */ = {isa = PBXFileReference; includeInIndex = 1; lastKnownFileType = text.xcconfig; name = "Pods-WiD-WiDUITests.debug.xcconfig"; path = "Target Support Files/Pods-WiD-WiDUITests/Pods-WiD-WiDUITests.debug.xcconfig"; sourceTree = "<group>"; };
		A3BC5EED3432FAAE53328A4A /* Pods_WiDTests.framework */ = {isa = PBXFileReference; explicitFileType = wrapper.framework; includeInIndex = 0; path = Pods_WiDTests.framework; sourceTree = BUILT_PRODUCTS_DIR; };
		B219E33604AFB7E2FD00DB3F /* Pods_WiD_WiDUITests.framework */ = {isa = PBXFileReference; explicitFileType = wrapper.framework; includeInIndex = 0; path = Pods_WiD_WiDUITests.framework; sourceTree = BUILT_PRODUCTS_DIR; };
		E420BB22C505E4A14D072EA7 /* Pods-WiDTests.release.xcconfig */ = {isa = PBXFileReference; includeInIndex = 1; lastKnownFileType = text.xcconfig; name = "Pods-WiDTests.release.xcconfig"; path = "Target Support Files/Pods-WiDTests/Pods-WiDTests.release.xcconfig"; sourceTree = "<group>"; };
		E68480A408F016D97A8F7C05 /* Pods-WiD.debug.xcconfig */ = {isa = PBXFileReference; includeInIndex = 1; lastKnownFileType = text.xcconfig; name = "Pods-WiD.debug.xcconfig"; path = "Target Support Files/Pods-WiD/Pods-WiD.debug.xcconfig"; sourceTree = "<group>"; };
		EA0458202A625B840065B98E /* PieChartUtil.swift */ = {isa = PBXFileReference; lastKnownFileType = sourcecode.swift; path = PieChartUtil.swift; sourceTree = "<group>"; };
		EA0458222A625C0C0065B98E /* WiDUtil.swift */ = {isa = PBXFileReference; lastKnownFileType = sourcecode.swift; name = WiDUtil.swift; path = WiD/Util/WiDUtil.swift; sourceTree = SOURCE_ROOT; };
		EA181F362A624F1F006EAF72 /* CalendarUtil.swift */ = {isa = PBXFileReference; lastKnownFileType = sourcecode.swift; path = CalendarUtil.swift; sourceTree = "<group>"; };
		EA18DCB52AE8CC5B00B88F30 /* BarChartUtil.swift */ = {isa = PBXFileReference; lastKnownFileType = sourcecode.swift; path = BarChartUtil.swift; sourceTree = "<group>"; };
		EA18DCB72AE8D9EC00B88F30 /* ManualViewWithHorizontalBarView.swift */ = {isa = PBXFileReference; lastKnownFileType = sourcecode.swift; path = ManualViewWithHorizontalBarView.swift; sourceTree = "<group>"; };
		EA1AF4A92AB54EBD00BEBA93 /* AppOpenAdUtil.swift */ = {isa = PBXFileReference; lastKnownFileType = sourcecode.swift; path = AppOpenAdUtil.swift; sourceTree = "<group>"; };
		EA1AF4AB2AB55C5500BEBA93 /* SplashView.swift */ = {isa = PBXFileReference; lastKnownFileType = sourcecode.swift; path = SplashView.swift; sourceTree = "<group>"; };
		EA215CDD2A60F9AF005C5D30 /* WiDSearchView.swift */ = {isa = PBXFileReference; lastKnownFileType = sourcecode.swift; path = WiDSearchView.swift; sourceTree = "<group>"; };
		EA215CDF2A60FCAF005C5D30 /* WiDReadWeekView.swift */ = {isa = PBXFileReference; lastKnownFileType = sourcecode.swift; path = WiDReadWeekView.swift; sourceTree = "<group>"; };
		EA215CE12A60FCBB005C5D30 /* WiDReadMonthView.swift */ = {isa = PBXFileReference; lastKnownFileType = sourcecode.swift; path = WiDReadMonthView.swift; sourceTree = "<group>"; };
		EA215CE32A60FCD6005C5D30 /* WiDReadHolderView.swift */ = {isa = PBXFileReference; lastKnownFileType = sourcecode.swift; path = WiDReadHolderView.swift; sourceTree = "<group>"; };
		EA3E63932AE7ED7F00294709 /* WiDReadCalendarView.swift */ = {isa = PBXFileReference; lastKnownFileType = sourcecode.swift; path = WiDReadCalendarView.swift; sourceTree = "<group>"; };
		EA469A7E2AB6A5170000E0CC /* Tektur-Regular.ttf */ = {isa = PBXFileReference; lastKnownFileType = file; path = "Tektur-Regular.ttf"; sourceTree = "<group>"; };
		EA60B8022A56991700B49641 /* WiD.app */ = {isa = PBXFileReference; explicitFileType = wrapper.application; includeInIndex = 0; path = WiD.app; sourceTree = BUILT_PRODUCTS_DIR; };
		EA60B8052A56991700B49641 /* WiDApp.swift */ = {isa = PBXFileReference; lastKnownFileType = sourcecode.swift; path = WiDApp.swift; sourceTree = "<group>"; };
		EA60B8072A56991700B49641 /* ContentView.swift */ = {isa = PBXFileReference; lastKnownFileType = sourcecode.swift; path = ContentView.swift; sourceTree = "<group>"; };
		EA60B8092A56991800B49641 /* Assets.xcassets */ = {isa = PBXFileReference; lastKnownFileType = folder.assetcatalog; path = Assets.xcassets; sourceTree = "<group>"; };
		EA60B80C2A56991800B49641 /* Preview Assets.xcassets */ = {isa = PBXFileReference; lastKnownFileType = folder.assetcatalog; path = "Preview Assets.xcassets"; sourceTree = "<group>"; };
		EA60B8122A56991800B49641 /* WiDTests.xctest */ = {isa = PBXFileReference; explicitFileType = wrapper.cfbundle; includeInIndex = 0; path = WiDTests.xctest; sourceTree = BUILT_PRODUCTS_DIR; };
		EA60B8162A56991800B49641 /* WiDTests.swift */ = {isa = PBXFileReference; lastKnownFileType = sourcecode.swift; path = WiDTests.swift; sourceTree = "<group>"; };
		EA60B81C2A56991800B49641 /* WiDUITests.xctest */ = {isa = PBXFileReference; explicitFileType = wrapper.cfbundle; includeInIndex = 0; path = WiDUITests.xctest; sourceTree = BUILT_PRODUCTS_DIR; };
		EA60B8202A56991800B49641 /* WiDUITests.swift */ = {isa = PBXFileReference; lastKnownFileType = sourcecode.swift; path = WiDUITests.swift; sourceTree = "<group>"; };
		EA60B8222A56991800B49641 /* WiDUITestsLaunchTests.swift */ = {isa = PBXFileReference; lastKnownFileType = sourcecode.swift; path = WiDUITestsLaunchTests.swift; sourceTree = "<group>"; };
		EA663F0B2A5E74E200B51844 /* TitleUtil.swift */ = {isa = PBXFileReference; lastKnownFileType = sourcecode.swift; path = TitleUtil.swift; sourceTree = "<group>"; };
		EA70DD732A59089D00B4B167 /* WiDReadDayView.swift */ = {isa = PBXFileReference; lastKnownFileType = sourcecode.swift; path = WiDReadDayView.swift; sourceTree = "<group>"; };
		EA9D41732AB18B0D008D6DE2 /* WiDCreateTimerView.swift */ = {isa = PBXFileReference; lastKnownFileType = sourcecode.swift; path = WiDCreateTimerView.swift; sourceTree = "<group>"; };
		EA9D41752AB18B28008D6DE2 /* WiDCreateHolderView.swift */ = {isa = PBXFileReference; lastKnownFileType = sourcecode.swift; path = WiDCreateHolderView.swift; sourceTree = "<group>"; };
		EAA2E1912AEE8AF900D6486B /* OpacityChartView.swift */ = {isa = PBXFileReference; lastKnownFileType = sourcecode.swift; path = OpacityChartView.swift; sourceTree = "<group>"; };
		EAC5D7202A56A76E00FA2499 /* WiDCreateStopWatchView.swift */ = {isa = PBXFileReference; lastKnownFileType = sourcecode.swift; path = WiDCreateStopWatchView.swift; sourceTree = "<group>"; };
		EACB45142AB9CA8200DEF739 /* WiDCreateManualView.swift */ = {isa = PBXFileReference; lastKnownFileType = sourcecode.swift; path = WiDCreateManualView.swift; sourceTree = "<group>"; };
		EADCDC462A6DF98100D8AED2 /* Acme-Regular.ttf */ = {isa = PBXFileReference; lastKnownFileType = file; path = "Acme-Regular.ttf"; sourceTree = "<group>"; };
		EADCDC482A6DF9C100D8AED2 /* Info.plist */ = {isa = PBXFileReference; lastKnownFileType = text.plist; path = Info.plist; sourceTree = "<group>"; };
		EADF79152A583C8E000753B2 /* WiDService.swift */ = {isa = PBXFileReference; lastKnownFileType = sourcecode.swift; path = WiDService.swift; sourceTree = "<group>"; };
/* End PBXFileReference section */

/* Begin PBXFrameworksBuildPhase section */
		EA60B7FF2A56991700B49641 /* Frameworks */ = {
			isa = PBXFrameworksBuildPhase;
			buildActionMask = 2147483647;
			files = (
				B96DB5DE9C4ABD38BC494656 /* Pods_WiD.framework in Frameworks */,
			);
			runOnlyForDeploymentPostprocessing = 0;
		};
		EA60B80F2A56991800B49641 /* Frameworks */ = {
			isa = PBXFrameworksBuildPhase;
			buildActionMask = 2147483647;
			files = (
				0A8337A87FAE851756C4FBAF /* Pods_WiDTests.framework in Frameworks */,
			);
			runOnlyForDeploymentPostprocessing = 0;
		};
		EA60B8192A56991800B49641 /* Frameworks */ = {
			isa = PBXFrameworksBuildPhase;
			buildActionMask = 2147483647;
			files = (
				825352480F23FD8CF303DA47 /* Pods_WiD_WiDUITests.framework in Frameworks */,
			);
			runOnlyForDeploymentPostprocessing = 0;
		};
/* End PBXFrameworksBuildPhase section */

/* Begin PBXGroup section */
		4C696AEA25DC0254D62E6A08 /* Pods */ = {
			isa = PBXGroup;
			children = (
				E68480A408F016D97A8F7C05 /* Pods-WiD.debug.xcconfig */,
				5C4ACC78C73AA9E14A7EFA98 /* Pods-WiD.release.xcconfig */,
				77FFFB579CC8B54277DB566F /* Pods-WiD-WiDUITests.debug.xcconfig */,
				68740296696AA6A9EAEE9898 /* Pods-WiD-WiDUITests.release.xcconfig */,
				54385F36B27C3B4BADB8362F /* Pods-WiDTests.debug.xcconfig */,
				E420BB22C505E4A14D072EA7 /* Pods-WiDTests.release.xcconfig */,
			);
			path = Pods;
			sourceTree = "<group>";
		};
		96F287D4BF964C875E298266 /* Frameworks */ = {
			isa = PBXGroup;
			children = (
				4ADAF41497613B67796E0E8C /* Pods_WiD.framework */,
				B219E33604AFB7E2FD00DB3F /* Pods_WiD_WiDUITests.framework */,
				A3BC5EED3432FAAE53328A4A /* Pods_WiDTests.framework */,
			);
			name = Frameworks;
			sourceTree = "<group>";
		};
		EA0458242A625CB00065B98E /* Util */ = {
			isa = PBXGroup;
			children = (
				EA0458202A625B840065B98E /* PieChartUtil.swift */,
				EA18DCB52AE8CC5B00B88F30 /* BarChartUtil.swift */,
				EAA2E1912AEE8AF900D6486B /* OpacityChartView.swift */,
				EA0458222A625C0C0065B98E /* WiDUtil.swift */,
				EA663F0B2A5E74E200B51844 /* TitleUtil.swift */,
				EA181F362A624F1F006EAF72 /* CalendarUtil.swift */,
				EA1AF4A92AB54EBD00BEBA93 /* AppOpenAdUtil.swift */,
			);
			path = Util;
			sourceTree = "<group>";
		};
		EA60B7F92A56991700B49641 = {
			isa = PBXGroup;
			children = (
				EA60B8042A56991700B49641 /* WiD */,
				EA60B8152A56991800B49641 /* WiDTests */,
				EA60B81F2A56991800B49641 /* WiDUITests */,
				EA60B8032A56991700B49641 /* Products */,
				4C696AEA25DC0254D62E6A08 /* Pods */,
				96F287D4BF964C875E298266 /* Frameworks */,
			);
			sourceTree = "<group>";
		};
		EA60B8032A56991700B49641 /* Products */ = {
			isa = PBXGroup;
			children = (
				EA60B8022A56991700B49641 /* WiD.app */,
				EA60B8122A56991800B49641 /* WiDTests.xctest */,
				EA60B81C2A56991800B49641 /* WiDUITests.xctest */,
			);
			name = Products;
			sourceTree = "<group>";
		};
		EA60B8042A56991700B49641 /* WiD */ = {
			isa = PBXGroup;
			children = (
				EADCDC482A6DF9C100D8AED2 /* Info.plist */,
				EADCDC452A6DF95100D8AED2 /* Font */,
				EA0458242A625CB00065B98E /* Util */,
				EADF79172A583CCE000753B2 /* Service */,
				EAC5D7272A56AAB000FA2499 /* View */,
				EA60B8052A56991700B49641 /* WiDApp.swift */,
				EA60B8092A56991800B49641 /* Assets.xcassets */,
				EA60B80B2A56991800B49641 /* Preview Content */,
			);
			path = WiD;
			sourceTree = "<group>";
		};
		EA60B80B2A56991800B49641 /* Preview Content */ = {
			isa = PBXGroup;
			children = (
				EA60B80C2A56991800B49641 /* Preview Assets.xcassets */,
			);
			path = "Preview Content";
			sourceTree = "<group>";
		};
		EA60B8152A56991800B49641 /* WiDTests */ = {
			isa = PBXGroup;
			children = (
				EA60B8162A56991800B49641 /* WiDTests.swift */,
			);
			path = WiDTests;
			sourceTree = "<group>";
		};
		EA60B81F2A56991800B49641 /* WiDUITests */ = {
			isa = PBXGroup;
			children = (
				EA60B8202A56991800B49641 /* WiDUITests.swift */,
				EA60B8222A56991800B49641 /* WiDUITestsLaunchTests.swift */,
			);
			path = WiDUITests;
			sourceTree = "<group>";
		};
		EAC5D7272A56AAB000FA2499 /* View */ = {
			isa = PBXGroup;
			children = (
				EA1AF4AB2AB55C5500BEBA93 /* SplashView.swift */,
				EA60B8072A56991700B49641 /* ContentView.swift */,
				EA9D41752AB18B28008D6DE2 /* WiDCreateHolderView.swift */,
				EAC5D7202A56A76E00FA2499 /* WiDCreateStopWatchView.swift */,
				EA9D41732AB18B0D008D6DE2 /* WiDCreateTimerView.swift */,
				EACB45142AB9CA8200DEF739 /* WiDCreateManualView.swift */,
				EA18DCB72AE8D9EC00B88F30 /* ManualViewWithHorizontalBarView.swift */,
				EA215CE32A60FCD6005C5D30 /* WiDReadHolderView.swift */,
				EA70DD732A59089D00B4B167 /* WiDReadDayView.swift */,
				EA3E63932AE7ED7F00294709 /* WiDReadCalendarView.swift */,
				EA215CDF2A60FCAF005C5D30 /* WiDReadWeekView.swift */,
				EA215CE12A60FCBB005C5D30 /* WiDReadMonthView.swift */,
				EA215CDD2A60F9AF005C5D30 /* WiDSearchView.swift */,
			);
			path = View;
			sourceTree = "<group>";
		};
		EADCDC452A6DF95100D8AED2 /* Font */ = {
			isa = PBXGroup;
			children = (
				EADCDC462A6DF98100D8AED2 /* Acme-Regular.ttf */,
				EA469A7E2AB6A5170000E0CC /* Tektur-Regular.ttf */,
			);
			path = Font;
			sourceTree = "<group>";
		};
		EADF79172A583CCE000753B2 /* Service */ = {
			isa = PBXGroup;
			children = (
				EADF79152A583C8E000753B2 /* WiDService.swift */,
			);
			path = Service;
			sourceTree = "<group>";
		};
/* End PBXGroup section */

/* Begin PBXNativeTarget section */
		EA60B8012A56991700B49641 /* WiD */ = {
			isa = PBXNativeTarget;
			buildConfigurationList = EA60B8262A56991800B49641 /* Build configuration list for PBXNativeTarget "WiD" */;
			buildPhases = (
				D80DB951A2B274CDEA6D6EAC /* [CP] Check Pods Manifest.lock */,
				EA60B7FE2A56991700B49641 /* Sources */,
				EA60B7FF2A56991700B49641 /* Frameworks */,
				EA60B8002A56991700B49641 /* Resources */,
				E4FC43023FCFD8BF3EF49675 /* [CP] Embed Pods Frameworks */,
			);
			buildRules = (
			);
			dependencies = (
			);
			name = WiD;
			productName = WiD;
			productReference = EA60B8022A56991700B49641 /* WiD.app */;
			productType = "com.apple.product-type.application";
		};
		EA60B8112A56991800B49641 /* WiDTests */ = {
			isa = PBXNativeTarget;
			buildConfigurationList = EA60B8292A56991800B49641 /* Build configuration list for PBXNativeTarget "WiDTests" */;
			buildPhases = (
				1A80E1BE38D6EF4836A9350A /* [CP] Check Pods Manifest.lock */,
				EA60B80E2A56991800B49641 /* Sources */,
				EA60B80F2A56991800B49641 /* Frameworks */,
				EA60B8102A56991800B49641 /* Resources */,
			);
			buildRules = (
			);
			dependencies = (
				EA60B8142A56991800B49641 /* PBXTargetDependency */,
			);
			name = WiDTests;
			productName = WiDTests;
			productReference = EA60B8122A56991800B49641 /* WiDTests.xctest */;
			productType = "com.apple.product-type.bundle.unit-test";
		};
		EA60B81B2A56991800B49641 /* WiDUITests */ = {
			isa = PBXNativeTarget;
			buildConfigurationList = EA60B82C2A56991800B49641 /* Build configuration list for PBXNativeTarget "WiDUITests" */;
			buildPhases = (
				A5745FF6F35FB53E579F122C /* [CP] Check Pods Manifest.lock */,
				EA60B8182A56991800B49641 /* Sources */,
				EA60B8192A56991800B49641 /* Frameworks */,
				EA60B81A2A56991800B49641 /* Resources */,
				ADEF3ED6D7117F347E05082D /* [CP] Embed Pods Frameworks */,
			);
			buildRules = (
			);
			dependencies = (
				EA60B81E2A56991800B49641 /* PBXTargetDependency */,
			);
			name = WiDUITests;
			productName = WiDUITests;
			productReference = EA60B81C2A56991800B49641 /* WiDUITests.xctest */;
			productType = "com.apple.product-type.bundle.ui-testing";
		};
/* End PBXNativeTarget section */

/* Begin PBXProject section */
		EA60B7FA2A56991700B49641 /* Project object */ = {
			isa = PBXProject;
			attributes = {
				BuildIndependentTargetsInParallel = 1;
				LastSwiftUpdateCheck = 1430;
				LastUpgradeCheck = 1430;
				TargetAttributes = {
					EA60B8012A56991700B49641 = {
						CreatedOnToolsVersion = 14.3.1;
					};
					EA60B8112A56991800B49641 = {
						CreatedOnToolsVersion = 14.3.1;
						TestTargetID = EA60B8012A56991700B49641;
					};
					EA60B81B2A56991800B49641 = {
						CreatedOnToolsVersion = 14.3.1;
						TestTargetID = EA60B8012A56991700B49641;
					};
				};
			};
			buildConfigurationList = EA60B7FD2A56991700B49641 /* Build configuration list for PBXProject "WiD" */;
			compatibilityVersion = "Xcode 14.0";
			developmentRegion = en;
			hasScannedForEncodings = 0;
			knownRegions = (
				en,
				Base,
			);
			mainGroup = EA60B7F92A56991700B49641;
			productRefGroup = EA60B8032A56991700B49641 /* Products */;
			projectDirPath = "";
			projectRoot = "";
			targets = (
				EA60B8012A56991700B49641 /* WiD */,
				EA60B8112A56991800B49641 /* WiDTests */,
				EA60B81B2A56991800B49641 /* WiDUITests */,
			);
		};
/* End PBXProject section */

/* Begin PBXResourcesBuildPhase section */
		EA60B8002A56991700B49641 /* Resources */ = {
			isa = PBXResourcesBuildPhase;
			buildActionMask = 2147483647;
			files = (
				EA469A7F2AB6A5170000E0CC /* Tektur-Regular.ttf in Resources */,
				EA60B80D2A56991800B49641 /* Preview Assets.xcassets in Resources */,
				EADCDC472A6DF98100D8AED2 /* Acme-Regular.ttf in Resources */,
				EA60B80A2A56991800B49641 /* Assets.xcassets in Resources */,
			);
			runOnlyForDeploymentPostprocessing = 0;
		};
		EA60B8102A56991800B49641 /* Resources */ = {
			isa = PBXResourcesBuildPhase;
			buildActionMask = 2147483647;
			files = (
			);
			runOnlyForDeploymentPostprocessing = 0;
		};
		EA60B81A2A56991800B49641 /* Resources */ = {
			isa = PBXResourcesBuildPhase;
			buildActionMask = 2147483647;
			files = (
			);
			runOnlyForDeploymentPostprocessing = 0;
		};
/* End PBXResourcesBuildPhase section */

/* Begin PBXShellScriptBuildPhase section */
		1A80E1BE38D6EF4836A9350A /* [CP] Check Pods Manifest.lock */ = {
			isa = PBXShellScriptBuildPhase;
			buildActionMask = 2147483647;
			files = (
			);
			inputFileListPaths = (
			);
			inputPaths = (
				"${PODS_PODFILE_DIR_PATH}/Podfile.lock",
				"${PODS_ROOT}/Manifest.lock",
			);
			name = "[CP] Check Pods Manifest.lock";
			outputFileListPaths = (
			);
			outputPaths = (
				"$(DERIVED_FILE_DIR)/Pods-WiDTests-checkManifestLockResult.txt",
			);
			runOnlyForDeploymentPostprocessing = 0;
			shellPath = /bin/sh;
			shellScript = "diff \"${PODS_PODFILE_DIR_PATH}/Podfile.lock\" \"${PODS_ROOT}/Manifest.lock\" > /dev/null\nif [ $? != 0 ] ; then\n    # print error to STDERR\n    echo \"error: The sandbox is not in sync with the Podfile.lock. Run 'pod install' or update your CocoaPods installation.\" >&2\n    exit 1\nfi\n# This output is used by Xcode 'outputs' to avoid re-running this script phase.\necho \"SUCCESS\" > \"${SCRIPT_OUTPUT_FILE_0}\"\n";
			showEnvVarsInLog = 0;
		};
		A5745FF6F35FB53E579F122C /* [CP] Check Pods Manifest.lock */ = {
			isa = PBXShellScriptBuildPhase;
			buildActionMask = 2147483647;
			files = (
			);
			inputFileListPaths = (
			);
			inputPaths = (
				"${PODS_PODFILE_DIR_PATH}/Podfile.lock",
				"${PODS_ROOT}/Manifest.lock",
			);
			name = "[CP] Check Pods Manifest.lock";
			outputFileListPaths = (
			);
			outputPaths = (
				"$(DERIVED_FILE_DIR)/Pods-WiD-WiDUITests-checkManifestLockResult.txt",
			);
			runOnlyForDeploymentPostprocessing = 0;
			shellPath = /bin/sh;
			shellScript = "diff \"${PODS_PODFILE_DIR_PATH}/Podfile.lock\" \"${PODS_ROOT}/Manifest.lock\" > /dev/null\nif [ $? != 0 ] ; then\n    # print error to STDERR\n    echo \"error: The sandbox is not in sync with the Podfile.lock. Run 'pod install' or update your CocoaPods installation.\" >&2\n    exit 1\nfi\n# This output is used by Xcode 'outputs' to avoid re-running this script phase.\necho \"SUCCESS\" > \"${SCRIPT_OUTPUT_FILE_0}\"\n";
			showEnvVarsInLog = 0;
		};
		ADEF3ED6D7117F347E05082D /* [CP] Embed Pods Frameworks */ = {
			isa = PBXShellScriptBuildPhase;
			buildActionMask = 2147483647;
			files = (
			);
			inputFileListPaths = (
				"${PODS_ROOT}/Target Support Files/Pods-WiD-WiDUITests/Pods-WiD-WiDUITests-frameworks-${CONFIGURATION}-input-files.xcfilelist",
			);
			name = "[CP] Embed Pods Frameworks";
			outputFileListPaths = (
				"${PODS_ROOT}/Target Support Files/Pods-WiD-WiDUITests/Pods-WiD-WiDUITests-frameworks-${CONFIGURATION}-output-files.xcfilelist",
			);
			runOnlyForDeploymentPostprocessing = 0;
			shellPath = /bin/sh;
			shellScript = "\"${PODS_ROOT}/Target Support Files/Pods-WiD-WiDUITests/Pods-WiD-WiDUITests-frameworks.sh\"\n";
			showEnvVarsInLog = 0;
		};
		D80DB951A2B274CDEA6D6EAC /* [CP] Check Pods Manifest.lock */ = {
			isa = PBXShellScriptBuildPhase;
			buildActionMask = 2147483647;
			files = (
			);
			inputFileListPaths = (
			);
			inputPaths = (
				"${PODS_PODFILE_DIR_PATH}/Podfile.lock",
				"${PODS_ROOT}/Manifest.lock",
			);
			name = "[CP] Check Pods Manifest.lock";
			outputFileListPaths = (
			);
			outputPaths = (
				"$(DERIVED_FILE_DIR)/Pods-WiD-checkManifestLockResult.txt",
			);
			runOnlyForDeploymentPostprocessing = 0;
			shellPath = /bin/sh;
			shellScript = "diff \"${PODS_PODFILE_DIR_PATH}/Podfile.lock\" \"${PODS_ROOT}/Manifest.lock\" > /dev/null\nif [ $? != 0 ] ; then\n    # print error to STDERR\n    echo \"error: The sandbox is not in sync with the Podfile.lock. Run 'pod install' or update your CocoaPods installation.\" >&2\n    exit 1\nfi\n# This output is used by Xcode 'outputs' to avoid re-running this script phase.\necho \"SUCCESS\" > \"${SCRIPT_OUTPUT_FILE_0}\"\n";
			showEnvVarsInLog = 0;
		};
		E4FC43023FCFD8BF3EF49675 /* [CP] Embed Pods Frameworks */ = {
			isa = PBXShellScriptBuildPhase;
			buildActionMask = 2147483647;
			files = (
			);
			inputFileListPaths = (
				"${PODS_ROOT}/Target Support Files/Pods-WiD/Pods-WiD-frameworks-${CONFIGURATION}-input-files.xcfilelist",
			);
			name = "[CP] Embed Pods Frameworks";
			outputFileListPaths = (
				"${PODS_ROOT}/Target Support Files/Pods-WiD/Pods-WiD-frameworks-${CONFIGURATION}-output-files.xcfilelist",
			);
			runOnlyForDeploymentPostprocessing = 0;
			shellPath = /bin/sh;
			shellScript = "\"${PODS_ROOT}/Target Support Files/Pods-WiD/Pods-WiD-frameworks.sh\"\n";
			showEnvVarsInLog = 0;
		};
/* End PBXShellScriptBuildPhase section */

/* Begin PBXSourcesBuildPhase section */
		EA60B7FE2A56991700B49641 /* Sources */ = {
			isa = PBXSourcesBuildPhase;
			buildActionMask = 2147483647;
			files = (
				EA18DCB82AE8D9EC00B88F30 /* ManualViewWithHorizontalBarView.swift in Sources */,
				EADF79162A583C8E000753B2 /* WiDService.swift in Sources */,
				EA215CE02A60FCAF005C5D30 /* WiDReadWeekView.swift in Sources */,
				EA18DCB62AE8CC5B00B88F30 /* BarChartUtil.swift in Sources */,
				EA1AF4AC2AB55C5500BEBA93 /* SplashView.swift in Sources */,
				EA663F0C2A5E74E200B51844 /* TitleUtil.swift in Sources */,
				EA9D41742AB18B0D008D6DE2 /* WiDCreateTimerView.swift in Sources */,
				EA1AF4AA2AB54EBD00BEBA93 /* AppOpenAdUtil.swift in Sources */,
				EA215CDE2A60F9AF005C5D30 /* WiDSearchView.swift in Sources */,
				EA60B8082A56991700B49641 /* ContentView.swift in Sources */,
				EA181F372A624F1F006EAF72 /* CalendarUtil.swift in Sources */,
				EA70DD742A59089D00B4B167 /* WiDReadDayView.swift in Sources */,
				EA0458232A625C0C0065B98E /* WiDUtil.swift in Sources */,
				EA3E63942AE7ED7F00294709 /* WiDReadCalendarView.swift in Sources */,
				EA9D41762AB18B28008D6DE2 /* WiDCreateHolderView.swift in Sources */,
				EAA2E1922AEE8AF900D6486B /* OpacityChartView.swift in Sources */,
				EAC5D7212A56A76E00FA2499 /* WiDCreateStopWatchView.swift in Sources */,
				EA215CE42A60FCD6005C5D30 /* WiDReadHolderView.swift in Sources */,
				EA215CE22A60FCBB005C5D30 /* WiDReadMonthView.swift in Sources */,
				EA60B8062A56991700B49641 /* WiDApp.swift in Sources */,
				EA0458212A625B840065B98E /* PieChartUtil.swift in Sources */,
				EACB45152AB9CA8200DEF739 /* WiDCreateManualView.swift in Sources */,
			);
			runOnlyForDeploymentPostprocessing = 0;
		};
		EA60B80E2A56991800B49641 /* Sources */ = {
			isa = PBXSourcesBuildPhase;
			buildActionMask = 2147483647;
			files = (
				EA60B8172A56991800B49641 /* WiDTests.swift in Sources */,
			);
			runOnlyForDeploymentPostprocessing = 0;
		};
		EA60B8182A56991800B49641 /* Sources */ = {
			isa = PBXSourcesBuildPhase;
			buildActionMask = 2147483647;
			files = (
				EA60B8212A56991800B49641 /* WiDUITests.swift in Sources */,
				EA60B8232A56991800B49641 /* WiDUITestsLaunchTests.swift in Sources */,
			);
			runOnlyForDeploymentPostprocessing = 0;
		};
/* End PBXSourcesBuildPhase section */

/* Begin PBXTargetDependency section */
		EA60B8142A56991800B49641 /* PBXTargetDependency */ = {
			isa = PBXTargetDependency;
			target = EA60B8012A56991700B49641 /* WiD */;
			targetProxy = EA60B8132A56991800B49641 /* PBXContainerItemProxy */;
		};
		EA60B81E2A56991800B49641 /* PBXTargetDependency */ = {
			isa = PBXTargetDependency;
			target = EA60B8012A56991700B49641 /* WiD */;
			targetProxy = EA60B81D2A56991800B49641 /* PBXContainerItemProxy */;
		};
/* End PBXTargetDependency section */

/* Begin XCBuildConfiguration section */
		EA60B8242A56991800B49641 /* Debug */ = {
			isa = XCBuildConfiguration;
			buildSettings = {
				ALWAYS_SEARCH_USER_PATHS = NO;
				CLANG_ANALYZER_NONNULL = YES;
				CLANG_ANALYZER_NUMBER_OBJECT_CONVERSION = YES_AGGRESSIVE;
				CLANG_CXX_LANGUAGE_STANDARD = "gnu++20";
				CLANG_ENABLE_MODULES = YES;
				CLANG_ENABLE_OBJC_ARC = YES;
				CLANG_ENABLE_OBJC_WEAK = YES;
				CLANG_WARN_BLOCK_CAPTURE_AUTORELEASING = YES;
				CLANG_WARN_BOOL_CONVERSION = YES;
				CLANG_WARN_COMMA = YES;
				CLANG_WARN_CONSTANT_CONVERSION = YES;
				CLANG_WARN_DEPRECATED_OBJC_IMPLEMENTATIONS = YES;
				CLANG_WARN_DIRECT_OBJC_ISA_USAGE = YES_ERROR;
				CLANG_WARN_DOCUMENTATION_COMMENTS = YES;
				CLANG_WARN_EMPTY_BODY = YES;
				CLANG_WARN_ENUM_CONVERSION = YES;
				CLANG_WARN_INFINITE_RECURSION = YES;
				CLANG_WARN_INT_CONVERSION = YES;
				CLANG_WARN_NON_LITERAL_NULL_CONVERSION = YES;
				CLANG_WARN_OBJC_IMPLICIT_RETAIN_SELF = YES;
				CLANG_WARN_OBJC_LITERAL_CONVERSION = YES;
				CLANG_WARN_OBJC_ROOT_CLASS = YES_ERROR;
				CLANG_WARN_QUOTED_INCLUDE_IN_FRAMEWORK_HEADER = YES;
				CLANG_WARN_RANGE_LOOP_ANALYSIS = YES;
				CLANG_WARN_STRICT_PROTOTYPES = YES;
				CLANG_WARN_SUSPICIOUS_MOVE = YES;
				CLANG_WARN_UNGUARDED_AVAILABILITY = YES_AGGRESSIVE;
				CLANG_WARN_UNREACHABLE_CODE = YES;
				CLANG_WARN__DUPLICATE_METHOD_MATCH = YES;
				COPY_PHASE_STRIP = NO;
				DEBUG_INFORMATION_FORMAT = dwarf;
				ENABLE_STRICT_OBJC_MSGSEND = YES;
				ENABLE_TESTABILITY = YES;
				GCC_C_LANGUAGE_STANDARD = gnu11;
				GCC_DYNAMIC_NO_PIC = NO;
				GCC_NO_COMMON_BLOCKS = YES;
				GCC_OPTIMIZATION_LEVEL = 0;
				GCC_PREPROCESSOR_DEFINITIONS = (
					"DEBUG=1",
					"$(inherited)",
				);
				GCC_WARN_64_TO_32_BIT_CONVERSION = YES;
				GCC_WARN_ABOUT_RETURN_TYPE = YES_ERROR;
				GCC_WARN_UNDECLARED_SELECTOR = YES;
				GCC_WARN_UNINITIALIZED_AUTOS = YES_AGGRESSIVE;
				GCC_WARN_UNUSED_FUNCTION = YES;
				GCC_WARN_UNUSED_VARIABLE = YES;
				IPHONEOS_DEPLOYMENT_TARGET = 15.0;
				MTL_ENABLE_DEBUG_INFO = INCLUDE_SOURCE;
				MTL_FAST_MATH = YES;
				ONLY_ACTIVE_ARCH = YES;
				SDKROOT = iphoneos;
				SWIFT_ACTIVE_COMPILATION_CONDITIONS = DEBUG;
				SWIFT_OPTIMIZATION_LEVEL = "-Onone";
			};
			name = Debug;
		};
		EA60B8252A56991800B49641 /* Release */ = {
			isa = XCBuildConfiguration;
			buildSettings = {
				ALWAYS_SEARCH_USER_PATHS = NO;
				CLANG_ANALYZER_NONNULL = YES;
				CLANG_ANALYZER_NUMBER_OBJECT_CONVERSION = YES_AGGRESSIVE;
				CLANG_CXX_LANGUAGE_STANDARD = "gnu++20";
				CLANG_ENABLE_MODULES = YES;
				CLANG_ENABLE_OBJC_ARC = YES;
				CLANG_ENABLE_OBJC_WEAK = YES;
				CLANG_WARN_BLOCK_CAPTURE_AUTORELEASING = YES;
				CLANG_WARN_BOOL_CONVERSION = YES;
				CLANG_WARN_COMMA = YES;
				CLANG_WARN_CONSTANT_CONVERSION = YES;
				CLANG_WARN_DEPRECATED_OBJC_IMPLEMENTATIONS = YES;
				CLANG_WARN_DIRECT_OBJC_ISA_USAGE = YES_ERROR;
				CLANG_WARN_DOCUMENTATION_COMMENTS = YES;
				CLANG_WARN_EMPTY_BODY = YES;
				CLANG_WARN_ENUM_CONVERSION = YES;
				CLANG_WARN_INFINITE_RECURSION = YES;
				CLANG_WARN_INT_CONVERSION = YES;
				CLANG_WARN_NON_LITERAL_NULL_CONVERSION = YES;
				CLANG_WARN_OBJC_IMPLICIT_RETAIN_SELF = YES;
				CLANG_WARN_OBJC_LITERAL_CONVERSION = YES;
				CLANG_WARN_OBJC_ROOT_CLASS = YES_ERROR;
				CLANG_WARN_QUOTED_INCLUDE_IN_FRAMEWORK_HEADER = YES;
				CLANG_WARN_RANGE_LOOP_ANALYSIS = YES;
				CLANG_WARN_STRICT_PROTOTYPES = YES;
				CLANG_WARN_SUSPICIOUS_MOVE = YES;
				CLANG_WARN_UNGUARDED_AVAILABILITY = YES_AGGRESSIVE;
				CLANG_WARN_UNREACHABLE_CODE = YES;
				CLANG_WARN__DUPLICATE_METHOD_MATCH = YES;
				COPY_PHASE_STRIP = NO;
				DEBUG_INFORMATION_FORMAT = "dwarf-with-dsym";
				ENABLE_NS_ASSERTIONS = NO;
				ENABLE_STRICT_OBJC_MSGSEND = YES;
				GCC_C_LANGUAGE_STANDARD = gnu11;
				GCC_NO_COMMON_BLOCKS = YES;
				GCC_WARN_64_TO_32_BIT_CONVERSION = YES;
				GCC_WARN_ABOUT_RETURN_TYPE = YES_ERROR;
				GCC_WARN_UNDECLARED_SELECTOR = YES;
				GCC_WARN_UNINITIALIZED_AUTOS = YES_AGGRESSIVE;
				GCC_WARN_UNUSED_FUNCTION = YES;
				GCC_WARN_UNUSED_VARIABLE = YES;
				IPHONEOS_DEPLOYMENT_TARGET = 15.0;
				MTL_ENABLE_DEBUG_INFO = NO;
				MTL_FAST_MATH = YES;
				SDKROOT = iphoneos;
				SWIFT_COMPILATION_MODE = wholemodule;
				SWIFT_OPTIMIZATION_LEVEL = "-O";
				VALIDATE_PRODUCT = YES;
			};
			name = Release;
		};
		EA60B8272A56991800B49641 /* Debug */ = {
			isa = XCBuildConfiguration;
			baseConfigurationReference = E68480A408F016D97A8F7C05 /* Pods-WiD.debug.xcconfig */;
			buildSettings = {
				ASSETCATALOG_COMPILER_APPICON_NAME = AppIcon;
				ASSETCATALOG_COMPILER_GLOBAL_ACCENT_COLOR_NAME = AccentColor;
				CODE_SIGN_IDENTITY = "Apple Development";
				"CODE_SIGN_IDENTITY[sdk=iphoneos*]" = "iPhone Distribution";
				CODE_SIGN_STYLE = Manual;
				CURRENT_PROJECT_VERSION = 5;
				DEVELOPMENT_ASSET_PATHS = "\"WiD/Preview Content\"";
				DEVELOPMENT_TEAM = "";
				"DEVELOPMENT_TEAM[sdk=iphoneos*]" = 6HAZ636CW5;
				ENABLE_PREVIEWS = YES;
				GENERATE_INFOPLIST_FILE = YES;
				INFOPLIST_FILE = WiD/Info.plist;
				INFOPLIST_KEY_CFBundleDisplayName = WiD;
				INFOPLIST_KEY_LSApplicationCategoryType = "public.app-category.productivity";
				INFOPLIST_KEY_UIApplicationSceneManifest_Generation = YES;
				INFOPLIST_KEY_UIApplicationSupportsIndirectInputEvents = YES;
				INFOPLIST_KEY_UILaunchScreen_Generation = YES;
				INFOPLIST_KEY_UIRequiresFullScreen = NO;
				INFOPLIST_KEY_UIStatusBarStyle = "";
				INFOPLIST_KEY_UISupportedInterfaceOrientations = UIInterfaceOrientationPortrait;
				INFOPLIST_KEY_UISupportedInterfaceOrientations_iPad = "UIInterfaceOrientationLandscapeLeft UIInterfaceOrientationLandscapeRight UIInterfaceOrientationPortrait";
				INFOPLIST_KEY_UIUserInterfaceStyle = Light;
				IPHONEOS_DEPLOYMENT_TARGET = 15.0;
				LD_RUNPATH_SEARCH_PATHS = (
					"$(inherited)",
					"@executable_path/Frameworks",
				);
				MARKETING_VERSION = 1.1.0;
				PRODUCT_BUNDLE_IDENTIFIER = andpact.project.WiD;
				PRODUCT_NAME = "$(TARGET_NAME)";
				PROVISIONING_PROFILE_SPECIFIER = "";
				"PROVISIONING_PROFILE_SPECIFIER[sdk=iphoneos*]" = "AppStore andpact.project.WiD";
				SUPPORTED_PLATFORMS = "iphoneos iphonesimulator";
				SUPPORTS_MACCATALYST = NO;
				SUPPORTS_MAC_DESIGNED_FOR_IPHONE_IPAD = NO;
				SWIFT_EMIT_LOC_STRINGS = YES;
				SWIFT_VERSION = 5.0;
				TARGETED_DEVICE_FAMILY = 1;
			};
			name = Debug;
		};
		EA60B8282A56991800B49641 /* Release */ = {
			isa = XCBuildConfiguration;
			baseConfigurationReference = 5C4ACC78C73AA9E14A7EFA98 /* Pods-WiD.release.xcconfig */;
			buildSettings = {
				ASSETCATALOG_COMPILER_APPICON_NAME = AppIcon;
				ASSETCATALOG_COMPILER_GLOBAL_ACCENT_COLOR_NAME = AccentColor;
				CODE_SIGN_IDENTITY = "Apple Development";
				"CODE_SIGN_IDENTITY[sdk=iphoneos*]" = "iPhone Distribution";
				CODE_SIGN_STYLE = Manual;
				CURRENT_PROJECT_VERSION = 5;
				DEVELOPMENT_ASSET_PATHS = "\"WiD/Preview Content\"";
				DEVELOPMENT_TEAM = "";
				"DEVELOPMENT_TEAM[sdk=iphoneos*]" = 6HAZ636CW5;
				ENABLE_PREVIEWS = YES;
				GENERATE_INFOPLIST_FILE = YES;
				INFOPLIST_FILE = WiD/Info.plist;
				INFOPLIST_KEY_CFBundleDisplayName = WiD;
				INFOPLIST_KEY_LSApplicationCategoryType = "public.app-category.productivity";
				INFOPLIST_KEY_UIApplicationSceneManifest_Generation = YES;
				INFOPLIST_KEY_UIApplicationSupportsIndirectInputEvents = YES;
				INFOPLIST_KEY_UILaunchScreen_Generation = YES;
				INFOPLIST_KEY_UIRequiresFullScreen = NO;
				INFOPLIST_KEY_UIStatusBarStyle = "";
				INFOPLIST_KEY_UISupportedInterfaceOrientations = UIInterfaceOrientationPortrait;
				INFOPLIST_KEY_UISupportedInterfaceOrientations_iPad = "UIInterfaceOrientationLandscapeLeft UIInterfaceOrientationLandscapeRight UIInterfaceOrientationPortrait";
				INFOPLIST_KEY_UIUserInterfaceStyle = Light;
				IPHONEOS_DEPLOYMENT_TARGET = 15.0;
				LD_RUNPATH_SEARCH_PATHS = (
					"$(inherited)",
					"@executable_path/Frameworks",
				);
				MARKETING_VERSION = 1.1.0;
				PRODUCT_BUNDLE_IDENTIFIER = andpact.project.WiD;
				PRODUCT_NAME = "$(TARGET_NAME)";
				PROVISIONING_PROFILE_SPECIFIER = "";
				"PROVISIONING_PROFILE_SPECIFIER[sdk=iphoneos*]" = "AppStore andpact.project.WiD";
				SUPPORTED_PLATFORMS = "iphoneos iphonesimulator";
				SUPPORTS_MACCATALYST = NO;
				SUPPORTS_MAC_DESIGNED_FOR_IPHONE_IPAD = NO;
				SWIFT_EMIT_LOC_STRINGS = YES;
				SWIFT_VERSION = 5.0;
				TARGETED_DEVICE_FAMILY = 1;
			};
			name = Release;
		};
		EA60B82A2A56991800B49641 /* Debug */ = {
			isa = XCBuildConfiguration;
			baseConfigurationReference = 54385F36B27C3B4BADB8362F /* Pods-WiDTests.debug.xcconfig */;
			buildSettings = {
				ALWAYS_EMBED_SWIFT_STANDARD_LIBRARIES = YES;
				BUNDLE_LOADER = "$(TEST_HOST)";
				CODE_SIGN_STYLE = Automatic;
				CURRENT_PROJECT_VERSION = 1;
				DEVELOPMENT_TEAM = 6HAZ636CW5;
				GENERATE_INFOPLIST_FILE = YES;
				IPHONEOS_DEPLOYMENT_TARGET = 16.4;
				MARKETING_VERSION = 1.0;
				PRODUCT_BUNDLE_IDENTIFIER = andpact.project.WiDTests;
				PRODUCT_NAME = "$(TARGET_NAME)";
				SWIFT_EMIT_LOC_STRINGS = NO;
				SWIFT_VERSION = 5.0;
				TARGETED_DEVICE_FAMILY = "1,2";
				TEST_HOST = "$(BUILT_PRODUCTS_DIR)/WiD.app/$(BUNDLE_EXECUTABLE_FOLDER_PATH)/WiD";
			};
			name = Debug;
		};
		EA60B82B2A56991800B49641 /* Release */ = {
			isa = XCBuildConfiguration;
			baseConfigurationReference = E420BB22C505E4A14D072EA7 /* Pods-WiDTests.release.xcconfig */;
			buildSettings = {
				ALWAYS_EMBED_SWIFT_STANDARD_LIBRARIES = YES;
				BUNDLE_LOADER = "$(TEST_HOST)";
				CODE_SIGN_STYLE = Automatic;
				CURRENT_PROJECT_VERSION = 1;
				DEVELOPMENT_TEAM = 6HAZ636CW5;
				GENERATE_INFOPLIST_FILE = YES;
				IPHONEOS_DEPLOYMENT_TARGET = 16.4;
				MARKETING_VERSION = 1.0;
				PRODUCT_BUNDLE_IDENTIFIER = andpact.project.WiDTests;
				PRODUCT_NAME = "$(TARGET_NAME)";
				SWIFT_EMIT_LOC_STRINGS = NO;
				SWIFT_VERSION = 5.0;
				TARGETED_DEVICE_FAMILY = "1,2";
				TEST_HOST = "$(BUILT_PRODUCTS_DIR)/WiD.app/$(BUNDLE_EXECUTABLE_FOLDER_PATH)/WiD";
			};
			name = Release;
		};
		EA60B82D2A56991800B49641 /* Debug */ = {
			isa = XCBuildConfiguration;
			baseConfigurationReference = 77FFFB579CC8B54277DB566F /* Pods-WiD-WiDUITests.debug.xcconfig */;
			buildSettings = {
				ALWAYS_EMBED_SWIFT_STANDARD_LIBRARIES = YES;
				CODE_SIGN_STYLE = Automatic;
				CURRENT_PROJECT_VERSION = 1;
				DEVELOPMENT_TEAM = 6HAZ636CW5;
				GENERATE_INFOPLIST_FILE = YES;
				MARKETING_VERSION = 1.0;
				PRODUCT_BUNDLE_IDENTIFIER = andpact.project.WiDUITests;
				PRODUCT_NAME = "$(TARGET_NAME)";
				SWIFT_EMIT_LOC_STRINGS = NO;
				SWIFT_VERSION = 5.0;
				TARGETED_DEVICE_FAMILY = "1,2";
				TEST_TARGET_NAME = WiD;
			};
			name = Debug;
		};
		EA60B82E2A56991800B49641 /* Release */ = {
			isa = XCBuildConfiguration;
			baseConfigurationReference = 68740296696AA6A9EAEE9898 /* Pods-WiD-WiDUITests.release.xcconfig */;
			buildSettings = {
				ALWAYS_EMBED_SWIFT_STANDARD_LIBRARIES = YES;
				CODE_SIGN_STYLE = Automatic;
				CURRENT_PROJECT_VERSION = 1;
				DEVELOPMENT_TEAM = 6HAZ636CW5;
				GENERATE_INFOPLIST_FILE = YES;
				MARKETING_VERSION = 1.0;
				PRODUCT_BUNDLE_IDENTIFIER = andpact.project.WiDUITests;
				PRODUCT_NAME = "$(TARGET_NAME)";
				SWIFT_EMIT_LOC_STRINGS = NO;
				SWIFT_VERSION = 5.0;
				TARGETED_DEVICE_FAMILY = "1,2";
				TEST_TARGET_NAME = WiD;
			};
			name = Release;
		};
/* End XCBuildConfiguration section */

/* Begin XCConfigurationList section */
		EA60B7FD2A56991700B49641 /* Build configuration list for PBXProject "WiD" */ = {
			isa = XCConfigurationList;
			buildConfigurations = (
				EA60B8242A56991800B49641 /* Debug */,
				EA60B8252A56991800B49641 /* Release */,
			);
			defaultConfigurationIsVisible = 0;
			defaultConfigurationName = Release;
		};
		EA60B8262A56991800B49641 /* Build configuration list for PBXNativeTarget "WiD" */ = {
			isa = XCConfigurationList;
			buildConfigurations = (
				EA60B8272A56991800B49641 /* Debug */,
				EA60B8282A56991800B49641 /* Release */,
			);
			defaultConfigurationIsVisible = 0;
			defaultConfigurationName = Release;
		};
		EA60B8292A56991800B49641 /* Build configuration list for PBXNativeTarget "WiDTests" */ = {
			isa = XCConfigurationList;
			buildConfigurations = (
				EA60B82A2A56991800B49641 /* Debug */,
				EA60B82B2A56991800B49641 /* Release */,
			);
			defaultConfigurationIsVisible = 0;
			defaultConfigurationName = Release;
		};
		EA60B82C2A56991800B49641 /* Build configuration list for PBXNativeTarget "WiDUITests" */ = {
			isa = XCConfigurationList;
			buildConfigurations = (
				EA60B82D2A56991800B49641 /* Debug */,
				EA60B82E2A56991800B49641 /* Release */,
			);
			defaultConfigurationIsVisible = 0;
			defaultConfigurationName = Release;
		};
/* End XCConfigurationList section */
	};
	rootObject = EA60B7FA2A56991700B49641 /* Project object */;
}
